Microsoft Visual Studio Solution File, Format Version 12.00
Project("{9A19103F-16F7-4668-BE54-9A1E7A4F7556}") = "Usings", "Usings.csproj", "{D6AE86CD-1231-4C72-AE76-5DB1CDAC8AC1}"
EndProject
Project("{DCDA4A0A-0A5E-4522-B6C4-80513D0753CD}") = "AnyOf", "AnyOf.usings", "{ED92B12E-813E-4AFE-B27C-B6C469DB614E}"
EndProject
Project("{DCDA4A0A-0A5E-4522-B6C4-80513D0753CD}") = "AspNetCore.Versioning", "AspNetCore.Versioning.usings", "{2A34DDF6-C086-4572-BBFF-C0BCD8482779}"
EndProject
Project("{DCDA4A0A-0A5E-4522-B6C4-80513D0753CD}") = "Azure.Config", "Azure.Config.usings", "{1BDD2944-5AD0-4C94-8702-657CCBEE1307}"
EndProject
Project("{DCDA4A0A-0A5E-4522-B6C4-80513D0753CD}") = "Azure.Identity", "Azure.Identity.usings", "{E410D38B-CDFE-4848-A3B7-30F2B43D4C15}"
EndProject
Project("{DCDA4A0A-0A5E-4522-B6C4-80513D0753CD}") = "Azure", "Azure.usings", "{BAA03279-9256-420F-917C-8694F3DEFF1A}"
EndProject
Project("{DCDA4A0A-0A5E-4522-B6C4-80513D0753CD}") = "AzureFunctions", "AzureFunctions.usings", "{41EC7E82-18F9-4DBB-9B02-A7A527836B6B}"
EndProject
Project("{DCDA4A0A-0A5E-4522-B6C4-80513D0753CD}") = "ConfigurationSubstitution", "ConfigurationSubstitution.usings", "{A20D36C8-F703-445A-BA00-A9BC4D5D2165}"
EndProject
Project("{DCDA4A0A-0A5E-4522-B6C4-80513D0753CD}") = "FluentAssertions", "FluentAssertions.usings", "{94940DB6-0D9F-4DCD-9A95-1A5647783E8B}"
EndProject
Project("{DCDA4A0A-0A5E-4522-B6C4-80513D0753CD}") = "FluentValidation", "FluentValidation.usings", "{246196DD-6E88-42DF-8690-1C088DD4C16F}"
EndProject
Project("{DCDA4A0A-0A5E-4522-B6C4-80513D0753CD}") = "MediatR", "MediatR.usings", "{F03EE4BE-16D1-4190-A2A3-30AC7F2783B9}"
EndProject
Project("{DCDA4A0A-0A5E-4522-B6C4-80513D0753CD}") = "Microsoft.AspNetCore", "Microsoft.AspNetCore.usings", "{CDFC0EFA-864F-4A76-B592-16A211762B5B}"
EndProject
Project("{DCDA4A0A-0A5E-4522-B6C4-80513D0753CD}") = "Microsoft.EntityFrameworkCore", "Microsoft.EntityFrameworkCore.usings", "{4FEF7D3D-13B7-4E6E-93AF-EC8BFCE63166}"
EndProject
Project("{DCDA4A0A-0A5E-4522-B6C4-80513D0753CD}") = "Microsoft.Extensions.All", "Microsoft.Extensions.All.usings", "{E7C48C4D-82D5-448C-AD0E-22228A2A78D8}"
EndProject
Project("{DCDA4A0A-0A5E-4522-B6C4-80513D0753CD}") = "Microsoft.Extensions.Configuration.All", "Microsoft.Extensions.Configuration.All.usings", "{FBDBE619-9BFB-4C18-9D18-A7C13F248009}"
EndProject
Project("{DCDA4A0A-0A5E-4522-B6C4-80513D0753CD}") = "Microsoft.Extensions.Configuration.CommandLine", "Microsoft.Extensions.Configuration.CommandLine.usings", "{EFB68CCC-123E-4386-8BF1-D061DAEA4643}"
EndProject
Project("{DCDA4A0A-0A5E-4522-B6C4-80513D0753CD}") = "Microsoft.Extensions.Configuration.EnvironmentVariables", "Microsoft.Extensions.Configuration.EnvironmentVariables.usings", "{7A461D67-F73F-46DB-B35A-C9DF9DCE1963}"
EndProject
Project("{DCDA4A0A-0A5E-4522-B6C4-80513D0753CD}") = "Microsoft.Extensions.Configuration.Files", "Microsoft.Extensions.Configuration.Files.usings", "{B98D8BCA-E8F8-456B-9F4E-74C51C634D76}"
EndProject
Project("{DCDA4A0A-0A5E-4522-B6C4-80513D0753CD}") = "Microsoft.Extensions.Configuration.Ini", "Microsoft.Extensions.Configuration.Ini.usings", "{129B4C64-2979-4B3E-9A73-8E54085D1FA4}"
EndProject
Project("{DCDA4A0A-0A5E-4522-B6C4-80513D0753CD}") = "Microsoft.Extensions.Configuration.Json", "Microsoft.Extensions.Configuration.Json.usings", "{0714994E-D782-4A30-8F1E-9E3669706A07}"
EndProject
Project("{DCDA4A0A-0A5E-4522-B6C4-80513D0753CD}") = "Microsoft.Extensions.Configuration.UserSecrets", "Microsoft.Extensions.Configuration.UserSecrets.usings", "{29F30CF2-2E75-4529-855F-CEBF0B7170B2}"
EndProject
Project("{DCDA4A0A-0A5E-4522-B6C4-80513D0753CD}") = "Microsoft.Extensions.Configuration.Xml", "Microsoft.Extensions.Configuration.Xml.usings", "{FF914990-8370-46B3-B87A-0B8AC1852CB4}"
EndProject
Project("{DCDA4A0A-0A5E-4522-B6C4-80513D0753CD}") = "Microsoft.Extensions.DependencyInjection", "Microsoft.Extensions.DependencyInjection.usings", "{E94C117C-0D20-4870-9506-706BC0CDC49E}"
EndProject
Project("{DCDA4A0A-0A5E-4522-B6C4-80513D0753CD}") = "Microsoft.Extensions.Logging", "Microsoft.Extensions.Logging.usings", "{AEAAB16B-DD87-4BDF-AE1F-F3AA1B00C68C}"
EndProject
Project("{DCDA4A0A-0A5E-4522-B6C4-80513D0753CD}") = "Microsoft.Extensions.Options", "Microsoft.Extensions.Options.usings", "{7031E704-9619-4A6A-B1DE-A69FFB51CB3E}"
EndProject
Project("{DCDA4A0A-0A5E-4522-B6C4-80513D0753CD}") = "Microsoft.Net", "Microsoft.Net.usings", "{E7E30DC6-F2EF-4451-A8BA-83D3ABE11499}"
EndProject
Project("{DCDA4A0A-0A5E-4522-B6C4-80513D0753CD}") = "Microsoft.OpenApi", "Microsoft.OpenApi.usings", "{FC342CB3-5C0F-412E-AB8D-14DD5E33EBC7}"
EndProject
Project("{DCDA4A0A-0A5E-4522-B6C4-80513D0753CD}") = "MSBuild", "MSBuild.usings", "{E5140072-B77C-4EF4-9EB0-28F085F5B40F}"
EndProject
Project("{DCDA4A0A-0A5E-4522-B6C4-80513D0753CD}") = "Net", "Net.usings", "{6FDA167E-D448-4561-AD82-31E15ACCFC65}"
EndProject
Project("{DCDA4A0A-0A5E-4522-B6C4-80513D0753CD}") = "Newtonsoft.Json", "Newtonsoft.Json.usings", "{146D47FD-114A-45B7-AA26-6F56BC0123ED}"
EndProject
Project("{DCDA4A0A-0A5E-4522-B6C4-80513D0753CD}") = "Swashbuckle", "Swashbuckle.usings", "{05D91778-0F4B-4FCF-A415-10EC405DB3F0}"
EndProject
Project("{DCDA4A0A-0A5E-4522-B6C4-80513D0753CD}") = "System.All", "System.All.usings", "{7A8D948C-E5A7-4774-A5B8-C7D1A165C479}"
EndProject
Project("{DCDA4A0A-0A5E-4522-B6C4-80513D0753CD}") = "System.Collections.Generic", "System.Collections.Generic.usings", "{C6EC852E-4D75-44C5-AF85-830852F33373}"
EndProject
Project("{DCDA4A0A-0A5E-4522-B6C4-80513D0753CD}") = "System.Collections.ObjectModel", "System.Collections.ObjectModel.usings", "{BEA8FD15-4610-4143-B4C1-4A7D4791B349}"
EndProject
Project("{DCDA4A0A-0A5E-4522-B6C4-80513D0753CD}") = "System.Collections", "System.Collections.usings", "{2DBF0C14-BF76-46CE-A40E-BC7D4A93A67A}"
EndProject
Project("{DCDA4A0A-0A5E-4522-B6C4-80513D0753CD}") = "System.ComponentModel", "System.ComponentModel.usings", "{E2E10BC1-AA79-4DB1-B9C5-A568415C69B6}"
EndProject
Project("{DCDA4A0A-0A5E-4522-B6C4-80513D0753CD}") = "System.Linq", "System.Linq.usings", "{EDA1B6F8-1BC6-4469-89B0-B468C0431F04}"
EndProject
Project("{DCDA4A0A-0A5E-4522-B6C4-80513D0753CD}") = "System.Net.Mime.MediaTypeNames", "System.Net.Mime.MediaTypeNames.usings", "{B10C4B3A-202E-4910-8BFE-76D7B0EF5430}"
EndProject
Project("{DCDA4A0A-0A5E-4522-B6C4-80513D0753CD}") = "System.Reflection", "System.Reflection.usings", "{7222FD7D-3FBD-4837-AD2E-FA72B7B4777F}"
EndProject
Project("{DCDA4A0A-0A5E-4522-B6C4-80513D0753CD}") = "System.Security", "System.Security.usings", "{2DC7A128-DCE1-4A52-9BD8-4D7B67877672}"
EndProject
Project("{DCDA4A0A-0A5E-4522-B6C4-80513D0753CD}") = "System.Text.Json", "System.Text.Json.usings", "{C8EA705A-85E9-4C4E-AD64-ED82DCB0D54C}"
EndProject
Project("{DCDA4A0A-0A5E-4522-B6C4-80513D0753CD}") = "System.Text.RegularExpressions", "System.Text.RegularExpressions.usings", "{D28BA776-61EF-4AE9-A0DB-92A354F96D9D}"
EndProject
Project("{DCDA4A0A-0A5E-4522-B6C4-80513D0753CD}") = "System.Text", "System.Text.usings", "{8A72D2D6-2D59-42A3-9478-94615C5A3358}"
EndProject
Project("{DCDA4A0A-0A5E-4522-B6C4-80513D0753CD}") = "System.Threading.Tasks", "System.Threading.Tasks.usings", "{A7741CAA-F8CB-4270-BC0B-01C6A18B6803}"
EndProject
Project("{DCDA4A0A-0A5E-4522-B6C4-80513D0753CD}") = "System", "System.usings", "{8A46DB7C-89EF-4035-B044-EB355F2A63B9}"
EndProject
Project("{DCDA4A0A-0A5E-4522-B6C4-80513D0753CD}") = "Xunit", "Xunit.usings", "{346209FD-FDCA-447B-93FF-52EC0E6AC8A0}"
EndProject
Project("{2150E333-8FDC-42A3-9474-1A3956D46DE8}") = "usings", "usings", "{7F1278A4-896D-49DC-B63A-E2FA5E20CB52}"
EndProject
Project("{2150E333-8FDC-42A3-9474-1A3956D46DE8}") = "src", "src", "{2D70BCF4-6650-4D97-9AA0-A669D79FE317}"
EndProject
Global
	GlobalSection(SolutionConfigurationPlatforms) = preSolution
		Local|Any CPU = Local|Any CPU
		Debug|Any CPU = Debug|Any CPU
		Staging|Any CPU = Staging|Any CPU
		Release|Any CPU = Release|Any CPU
		Testing|Any CPU = Testing|Any CPU
		Dev|Any CPU = Dev|Any CPU
		Stage|Any CPU = Stage|Any CPU
	EndGlobalSection
	GlobalSection(ProjectConfigurationPlatforms) = postSolution
		{D6AE86CD-1231-4C72-AE76-5DB1CDAC8AC1}.Local|Any CPU.ActiveCfg = Local|Any CPU
		{D6AE86CD-1231-4C72-AE76-5DB1CDAC8AC1}.Local|Any CPU.Build.0 = Local|Any CPU
		{D6AE86CD-1231-4C72-AE76-5DB1CDAC8AC1}.Debug|Any CPU.ActiveCfg = Debug|Any CPU
		{D6AE86CD-1231-4C72-AE76-5DB1CDAC8AC1}.Debug|Any CPU.Build.0 = Debug|Any CPU
		{D6AE86CD-1231-4C72-AE76-5DB1CDAC8AC1}.Staging|Any CPU.ActiveCfg = Staging|Any CPU
		{D6AE86CD-1231-4C72-AE76-5DB1CDAC8AC1}.Staging|Any CPU.Build.0 = Staging|Any CPU
		{D6AE86CD-1231-4C72-AE76-5DB1CDAC8AC1}.Release|Any CPU.ActiveCfg = Release|Any CPU
		{D6AE86CD-1231-4C72-AE76-5DB1CDAC8AC1}.Release|Any CPU.Build.0 = Release|Any CPU
		{D6AE86CD-1231-4C72-AE76-5DB1CDAC8AC1}.Testing|Any CPU.ActiveCfg = Testing|Any CPU
		{D6AE86CD-1231-4C72-AE76-5DB1CDAC8AC1}.Testing|Any CPU.Build.0 = Testing|Any CPU
		{D6AE86CD-1231-4C72-AE76-5DB1CDAC8AC1}.Dev|Any CPU.ActiveCfg = Local|Any CPU
		{D6AE86CD-1231-4C72-AE76-5DB1CDAC8AC1}.Stage|Any CPU.ActiveCfg = Local|Any CPU
		{ED92B12E-813E-4AFE-B27C-B6C469DB614E}.Local|Any CPU.ActiveCfg = Local|Any CPU
		{ED92B12E-813E-4AFE-B27C-B6C469DB614E}.Local|Any CPU.Build.0 = Local|Any CPU
		{ED92B12E-813E-4AFE-B27C-B6C469DB614E}.Debug|Any CPU.ActiveCfg = Debug|Any CPU
		{ED92B12E-813E-4AFE-B27C-B6C469DB614E}.Debug|Any CPU.Build.0 = Debug|Any CPU
		{ED92B12E-813E-4AFE-B27C-B6C469DB614E}.Staging|Any CPU.ActiveCfg = Staging|Any CPU
		{ED92B12E-813E-4AFE-B27C-B6C469DB614E}.Staging|Any CPU.Build.0 = Staging|Any CPU
		{ED92B12E-813E-4AFE-B27C-B6C469DB614E}.Release|Any CPU.ActiveCfg = Release|Any CPU
		{ED92B12E-813E-4AFE-B27C-B6C469DB614E}.Release|Any CPU.Build.0 = Release|Any CPU
		{ED92B12E-813E-4AFE-B27C-B6C469DB614E}.Testing|Any CPU.ActiveCfg = Testing|Any CPU
		{ED92B12E-813E-4AFE-B27C-B6C469DB614E}.Testing|Any CPU.Build.0 = Testing|Any CPU
		{ED92B12E-813E-4AFE-B27C-B6C469DB614E}.Dev|Any CPU.ActiveCfg = Dev|Any CPU
		{ED92B12E-813E-4AFE-B27C-B6C469DB614E}.Dev|Any CPU.Build.0 = Dev|Any CPU
		{ED92B12E-813E-4AFE-B27C-B6C469DB614E}.Stage|Any CPU.ActiveCfg = Stage|Any CPU
		{ED92B12E-813E-4AFE-B27C-B6C469DB614E}.Stage|Any CPU.Build.0 = Stage|Any CPU
		{2A34DDF6-C086-4572-BBFF-C0BCD8482779}.Local|Any CPU.ActiveCfg = Local|Any CPU
		{2A34DDF6-C086-4572-BBFF-C0BCD8482779}.Local|Any CPU.Build.0 = Local|Any CPU
		{2A34DDF6-C086-4572-BBFF-C0BCD8482779}.Debug|Any CPU.ActiveCfg = Debug|Any CPU
		{2A34DDF6-C086-4572-BBFF-C0BCD8482779}.Debug|Any CPU.Build.0 = Debug|Any CPU
		{2A34DDF6-C086-4572-BBFF-C0BCD8482779}.Staging|Any CPU.ActiveCfg = Staging|Any CPU
		{2A34DDF6-C086-4572-BBFF-C0BCD8482779}.Staging|Any CPU.Build.0 = Staging|Any CPU
		{2A34DDF6-C086-4572-BBFF-C0BCD8482779}.Release|Any CPU.ActiveCfg = Release|Any CPU
		{2A34DDF6-C086-4572-BBFF-C0BCD8482779}.Release|Any CPU.Build.0 = Release|Any CPU
		{2A34DDF6-C086-4572-BBFF-C0BCD8482779}.Testing|Any CPU.ActiveCfg = Testing|Any CPU
		{2A34DDF6-C086-4572-BBFF-C0BCD8482779}.Testing|Any CPU.Build.0 = Testing|Any CPU
		{2A34DDF6-C086-4572-BBFF-C0BCD8482779}.Dev|Any CPU.ActiveCfg = Dev|Any CPU
		{2A34DDF6-C086-4572-BBFF-C0BCD8482779}.Dev|Any CPU.Build.0 = Dev|Any CPU
		{2A34DDF6-C086-4572-BBFF-C0BCD8482779}.Stage|Any CPU.ActiveCfg = Stage|Any CPU
		{2A34DDF6-C086-4572-BBFF-C0BCD8482779}.Stage|Any CPU.Build.0 = Stage|Any CPU
		{1BDD2944-5AD0-4C94-8702-657CCBEE1307}.Local|Any CPU.ActiveCfg = Local|Any CPU
		{1BDD2944-5AD0-4C94-8702-657CCBEE1307}.Local|Any CPU.Build.0 = Local|Any CPU
		{1BDD2944-5AD0-4C94-8702-657CCBEE1307}.Debug|Any CPU.ActiveCfg = Debug|Any CPU
		{1BDD2944-5AD0-4C94-8702-657CCBEE1307}.Debug|Any CPU.Build.0 = Debug|Any CPU
		{1BDD2944-5AD0-4C94-8702-657CCBEE1307}.Staging|Any CPU.ActiveCfg = Staging|Any CPU
		{1BDD2944-5AD0-4C94-8702-657CCBEE1307}.Staging|Any CPU.Build.0 = Staging|Any CPU
		{1BDD2944-5AD0-4C94-8702-657CCBEE1307}.Release|Any CPU.ActiveCfg = Release|Any CPU
		{1BDD2944-5AD0-4C94-8702-657CCBEE1307}.Release|Any CPU.Build.0 = Release|Any CPU
		{1BDD2944-5AD0-4C94-8702-657CCBEE1307}.Testing|Any CPU.ActiveCfg = Testing|Any CPU
		{1BDD2944-5AD0-4C94-8702-657CCBEE1307}.Testing|Any CPU.Build.0 = Testing|Any CPU
		{1BDD2944-5AD0-4C94-8702-657CCBEE1307}.Dev|Any CPU.ActiveCfg = Dev|Any CPU
		{1BDD2944-5AD0-4C94-8702-657CCBEE1307}.Dev|Any CPU.Build.0 = Dev|Any CPU
		{1BDD2944-5AD0-4C94-8702-657CCBEE1307}.Stage|Any CPU.ActiveCfg = Stage|Any CPU
		{1BDD2944-5AD0-4C94-8702-657CCBEE1307}.Stage|Any CPU.Build.0 = Stage|Any CPU
		{E410D38B-CDFE-4848-A3B7-30F2B43D4C15}.Local|Any CPU.ActiveCfg = Local|Any CPU
		{E410D38B-CDFE-4848-A3B7-30F2B43D4C15}.Local|Any CPU.Build.0 = Local|Any CPU
		{E410D38B-CDFE-4848-A3B7-30F2B43D4C15}.Debug|Any CPU.ActiveCfg = Debug|Any CPU
		{E410D38B-CDFE-4848-A3B7-30F2B43D4C15}.Debug|Any CPU.Build.0 = Debug|Any CPU
		{E410D38B-CDFE-4848-A3B7-30F2B43D4C15}.Staging|Any CPU.ActiveCfg = Staging|Any CPU
		{E410D38B-CDFE-4848-A3B7-30F2B43D4C15}.Staging|Any CPU.Build.0 = Staging|Any CPU
		{E410D38B-CDFE-4848-A3B7-30F2B43D4C15}.Release|Any CPU.ActiveCfg = Release|Any CPU
		{E410D38B-CDFE-4848-A3B7-30F2B43D4C15}.Release|Any CPU.Build.0 = Release|Any CPU
		{E410D38B-CDFE-4848-A3B7-30F2B43D4C15}.Testing|Any CPU.ActiveCfg = Testing|Any CPU
		{E410D38B-CDFE-4848-A3B7-30F2B43D4C15}.Testing|Any CPU.Build.0 = Testing|Any CPU
		{E410D38B-CDFE-4848-A3B7-30F2B43D4C15}.Dev|Any CPU.ActiveCfg = Dev|Any CPU
		{E410D38B-CDFE-4848-A3B7-30F2B43D4C15}.Dev|Any CPU.Build.0 = Dev|Any CPU
		{E410D38B-CDFE-4848-A3B7-30F2B43D4C15}.Stage|Any CPU.ActiveCfg = Stage|Any CPU
		{E410D38B-CDFE-4848-A3B7-30F2B43D4C15}.Stage|Any CPU.Build.0 = Stage|Any CPU
		{BAA03279-9256-420F-917C-8694F3DEFF1A}.Local|Any CPU.ActiveCfg = Local|Any CPU
		{BAA03279-9256-420F-917C-8694F3DEFF1A}.Local|Any CPU.Build.0 = Local|Any CPU
		{BAA03279-9256-420F-917C-8694F3DEFF1A}.Debug|Any CPU.ActiveCfg = Debug|Any CPU
		{BAA03279-9256-420F-917C-8694F3DEFF1A}.Debug|Any CPU.Build.0 = Debug|Any CPU
		{BAA03279-9256-420F-917C-8694F3DEFF1A}.Staging|Any CPU.ActiveCfg = Staging|Any CPU
		{BAA03279-9256-420F-917C-8694F3DEFF1A}.Staging|Any CPU.Build.0 = Staging|Any CPU
		{BAA03279-9256-420F-917C-8694F3DEFF1A}.Release|Any CPU.ActiveCfg = Release|Any CPU
		{BAA03279-9256-420F-917C-8694F3DEFF1A}.Release|Any CPU.Build.0 = Release|Any CPU
		{BAA03279-9256-420F-917C-8694F3DEFF1A}.Testing|Any CPU.ActiveCfg = Testing|Any CPU
		{BAA03279-9256-420F-917C-8694F3DEFF1A}.Testing|Any CPU.Build.0 = Testing|Any CPU
		{BAA03279-9256-420F-917C-8694F3DEFF1A}.Dev|Any CPU.ActiveCfg = Dev|Any CPU
		{BAA03279-9256-420F-917C-8694F3DEFF1A}.Dev|Any CPU.Build.0 = Dev|Any CPU
		{BAA03279-9256-420F-917C-8694F3DEFF1A}.Stage|Any CPU.ActiveCfg = Stage|Any CPU
		{BAA03279-9256-420F-917C-8694F3DEFF1A}.Stage|Any CPU.Build.0 = Stage|Any CPU
		{41EC7E82-18F9-4DBB-9B02-A7A527836B6B}.Local|Any CPU.ActiveCfg = Local|Any CPU
		{41EC7E82-18F9-4DBB-9B02-A7A527836B6B}.Local|Any CPU.Build.0 = Local|Any CPU
		{41EC7E82-18F9-4DBB-9B02-A7A527836B6B}.Debug|Any CPU.ActiveCfg = Debug|Any CPU
		{41EC7E82-18F9-4DBB-9B02-A7A527836B6B}.Debug|Any CPU.Build.0 = Debug|Any CPU
		{41EC7E82-18F9-4DBB-9B02-A7A527836B6B}.Staging|Any CPU.ActiveCfg = Staging|Any CPU
		{41EC7E82-18F9-4DBB-9B02-A7A527836B6B}.Staging|Any CPU.Build.0 = Staging|Any CPU
		{41EC7E82-18F9-4DBB-9B02-A7A527836B6B}.Release|Any CPU.ActiveCfg = Release|Any CPU
		{41EC7E82-18F9-4DBB-9B02-A7A527836B6B}.Release|Any CPU.Build.0 = Release|Any CPU
		{41EC7E82-18F9-4DBB-9B02-A7A527836B6B}.Testing|Any CPU.ActiveCfg = Testing|Any CPU
		{41EC7E82-18F9-4DBB-9B02-A7A527836B6B}.Testing|Any CPU.Build.0 = Testing|Any CPU
		{41EC7E82-18F9-4DBB-9B02-A7A527836B6B}.Dev|Any CPU.ActiveCfg = Dev|Any CPU
		{41EC7E82-18F9-4DBB-9B02-A7A527836B6B}.Dev|Any CPU.Build.0 = Dev|Any CPU
		{41EC7E82-18F9-4DBB-9B02-A7A527836B6B}.Stage|Any CPU.ActiveCfg = Stage|Any CPU
		{41EC7E82-18F9-4DBB-9B02-A7A527836B6B}.Stage|Any CPU.Build.0 = Stage|Any CPU
		{A20D36C8-F703-445A-BA00-A9BC4D5D2165}.Local|Any CPU.ActiveCfg = Local|Any CPU
		{A20D36C8-F703-445A-BA00-A9BC4D5D2165}.Local|Any CPU.Build.0 = Local|Any CPU
		{A20D36C8-F703-445A-BA00-A9BC4D5D2165}.Debug|Any CPU.ActiveCfg = Debug|Any CPU
		{A20D36C8-F703-445A-BA00-A9BC4D5D2165}.Debug|Any CPU.Build.0 = Debug|Any CPU
		{A20D36C8-F703-445A-BA00-A9BC4D5D2165}.Staging|Any CPU.ActiveCfg = Staging|Any CPU
		{A20D36C8-F703-445A-BA00-A9BC4D5D2165}.Staging|Any CPU.Build.0 = Staging|Any CPU
		{A20D36C8-F703-445A-BA00-A9BC4D5D2165}.Release|Any CPU.ActiveCfg = Release|Any CPU
		{A20D36C8-F703-445A-BA00-A9BC4D5D2165}.Release|Any CPU.Build.0 = Release|Any CPU
		{A20D36C8-F703-445A-BA00-A9BC4D5D2165}.Testing|Any CPU.ActiveCfg = Testing|Any CPU
		{A20D36C8-F703-445A-BA00-A9BC4D5D2165}.Testing|Any CPU.Build.0 = Testing|Any CPU
		{A20D36C8-F703-445A-BA00-A9BC4D5D2165}.Dev|Any CPU.ActiveCfg = Dev|Any CPU
		{A20D36C8-F703-445A-BA00-A9BC4D5D2165}.Dev|Any CPU.Build.0 = Dev|Any CPU
		{A20D36C8-F703-445A-BA00-A9BC4D5D2165}.Stage|Any CPU.ActiveCfg = Stage|Any CPU
		{A20D36C8-F703-445A-BA00-A9BC4D5D2165}.Stage|Any CPU.Build.0 = Stage|Any CPU
		{94940DB6-0D9F-4DCD-9A95-1A5647783E8B}.Local|Any CPU.ActiveCfg = Local|Any CPU
		{94940DB6-0D9F-4DCD-9A95-1A5647783E8B}.Local|Any CPU.Build.0 = Local|Any CPU
		{94940DB6-0D9F-4DCD-9A95-1A5647783E8B}.Debug|Any CPU.ActiveCfg = Debug|Any CPU
		{94940DB6-0D9F-4DCD-9A95-1A5647783E8B}.Debug|Any CPU.Build.0 = Debug|Any CPU
		{94940DB6-0D9F-4DCD-9A95-1A5647783E8B}.Staging|Any CPU.ActiveCfg = Staging|Any CPU
		{94940DB6-0D9F-4DCD-9A95-1A5647783E8B}.Staging|Any CPU.Build.0 = Staging|Any CPU
		{94940DB6-0D9F-4DCD-9A95-1A5647783E8B}.Release|Any CPU.ActiveCfg = Release|Any CPU
		{94940DB6-0D9F-4DCD-9A95-1A5647783E8B}.Release|Any CPU.Build.0 = Release|Any CPU
		{94940DB6-0D9F-4DCD-9A95-1A5647783E8B}.Testing|Any CPU.ActiveCfg = Testing|Any CPU
		{94940DB6-0D9F-4DCD-9A95-1A5647783E8B}.Testing|Any CPU.Build.0 = Testing|Any CPU
		{94940DB6-0D9F-4DCD-9A95-1A5647783E8B}.Dev|Any CPU.ActiveCfg = Dev|Any CPU
		{94940DB6-0D9F-4DCD-9A95-1A5647783E8B}.Dev|Any CPU.Build.0 = Dev|Any CPU
		{94940DB6-0D9F-4DCD-9A95-1A5647783E8B}.Stage|Any CPU.ActiveCfg = Stage|Any CPU
		{94940DB6-0D9F-4DCD-9A95-1A5647783E8B}.Stage|Any CPU.Build.0 = Stage|Any CPU
		{246196DD-6E88-42DF-8690-1C088DD4C16F}.Local|Any CPU.ActiveCfg = Local|Any CPU
		{246196DD-6E88-42DF-8690-1C088DD4C16F}.Local|Any CPU.Build.0 = Local|Any CPU
		{246196DD-6E88-42DF-8690-1C088DD4C16F}.Debug|Any CPU.ActiveCfg = Debug|Any CPU
		{246196DD-6E88-42DF-8690-1C088DD4C16F}.Debug|Any CPU.Build.0 = Debug|Any CPU
		{246196DD-6E88-42DF-8690-1C088DD4C16F}.Staging|Any CPU.ActiveCfg = Staging|Any CPU
		{246196DD-6E88-42DF-8690-1C088DD4C16F}.Staging|Any CPU.Build.0 = Staging|Any CPU
		{246196DD-6E88-42DF-8690-1C088DD4C16F}.Release|Any CPU.ActiveCfg = Release|Any CPU
		{246196DD-6E88-42DF-8690-1C088DD4C16F}.Release|Any CPU.Build.0 = Release|Any CPU
		{246196DD-6E88-42DF-8690-1C088DD4C16F}.Testing|Any CPU.ActiveCfg = Testing|Any CPU
		{246196DD-6E88-42DF-8690-1C088DD4C16F}.Testing|Any CPU.Build.0 = Testing|Any CPU
		{246196DD-6E88-42DF-8690-1C088DD4C16F}.Dev|Any CPU.ActiveCfg = Dev|Any CPU
		{246196DD-6E88-42DF-8690-1C088DD4C16F}.Dev|Any CPU.Build.0 = Dev|Any CPU
		{246196DD-6E88-42DF-8690-1C088DD4C16F}.Stage|Any CPU.ActiveCfg = Stage|Any CPU
		{246196DD-6E88-42DF-8690-1C088DD4C16F}.Stage|Any CPU.Build.0 = Stage|Any CPU
		{F03EE4BE-16D1-4190-A2A3-30AC7F2783B9}.Local|Any CPU.ActiveCfg = Local|Any CPU
		{F03EE4BE-16D1-4190-A2A3-30AC7F2783B9}.Local|Any CPU.Build.0 = Local|Any CPU
		{F03EE4BE-16D1-4190-A2A3-30AC7F2783B9}.Debug|Any CPU.ActiveCfg = Debug|Any CPU
		{F03EE4BE-16D1-4190-A2A3-30AC7F2783B9}.Debug|Any CPU.Build.0 = Debug|Any CPU
		{F03EE4BE-16D1-4190-A2A3-30AC7F2783B9}.Staging|Any CPU.ActiveCfg = Staging|Any CPU
		{F03EE4BE-16D1-4190-A2A3-30AC7F2783B9}.Staging|Any CPU.Build.0 = Staging|Any CPU
		{F03EE4BE-16D1-4190-A2A3-30AC7F2783B9}.Release|Any CPU.ActiveCfg = Release|Any CPU
		{F03EE4BE-16D1-4190-A2A3-30AC7F2783B9}.Release|Any CPU.Build.0 = Release|Any CPU
		{F03EE4BE-16D1-4190-A2A3-30AC7F2783B9}.Testing|Any CPU.ActiveCfg = Testing|Any CPU
		{F03EE4BE-16D1-4190-A2A3-30AC7F2783B9}.Testing|Any CPU.Build.0 = Testing|Any CPU
		{F03EE4BE-16D1-4190-A2A3-30AC7F2783B9}.Dev|Any CPU.ActiveCfg = Dev|Any CPU
		{F03EE4BE-16D1-4190-A2A3-30AC7F2783B9}.Dev|Any CPU.Build.0 = Dev|Any CPU
		{F03EE4BE-16D1-4190-A2A3-30AC7F2783B9}.Stage|Any CPU.ActiveCfg = Stage|Any CPU
		{F03EE4BE-16D1-4190-A2A3-30AC7F2783B9}.Stage|Any CPU.Build.0 = Stage|Any CPU
		{CDFC0EFA-864F-4A76-B592-16A211762B5B}.Local|Any CPU.ActiveCfg = Local|Any CPU
		{CDFC0EFA-864F-4A76-B592-16A211762B5B}.Local|Any CPU.Build.0 = Local|Any CPU
		{CDFC0EFA-864F-4A76-B592-16A211762B5B}.Debug|Any CPU.ActiveCfg = Debug|Any CPU
		{CDFC0EFA-864F-4A76-B592-16A211762B5B}.Debug|Any CPU.Build.0 = Debug|Any CPU
		{CDFC0EFA-864F-4A76-B592-16A211762B5B}.Staging|Any CPU.ActiveCfg = Staging|Any CPU
		{CDFC0EFA-864F-4A76-B592-16A211762B5B}.Staging|Any CPU.Build.0 = Staging|Any CPU
		{CDFC0EFA-864F-4A76-B592-16A211762B5B}.Release|Any CPU.ActiveCfg = Release|Any CPU
		{CDFC0EFA-864F-4A76-B592-16A211762B5B}.Release|Any CPU.Build.0 = Release|Any CPU
		{CDFC0EFA-864F-4A76-B592-16A211762B5B}.Testing|Any CPU.ActiveCfg = Testing|Any CPU
		{CDFC0EFA-864F-4A76-B592-16A211762B5B}.Testing|Any CPU.Build.0 = Testing|Any CPU
		{CDFC0EFA-864F-4A76-B592-16A211762B5B}.Dev|Any CPU.ActiveCfg = Dev|Any CPU
		{CDFC0EFA-864F-4A76-B592-16A211762B5B}.Dev|Any CPU.Build.0 = Dev|Any CPU
		{CDFC0EFA-864F-4A76-B592-16A211762B5B}.Stage|Any CPU.ActiveCfg = Stage|Any CPU
		{CDFC0EFA-864F-4A76-B592-16A211762B5B}.Stage|Any CPU.Build.0 = Stage|Any CPU
		{4FEF7D3D-13B7-4E6E-93AF-EC8BFCE63166}.Local|Any CPU.ActiveCfg = Local|Any CPU
		{4FEF7D3D-13B7-4E6E-93AF-EC8BFCE63166}.Local|Any CPU.Build.0 = Local|Any CPU
		{4FEF7D3D-13B7-4E6E-93AF-EC8BFCE63166}.Debug|Any CPU.ActiveCfg = Debug|Any CPU
		{4FEF7D3D-13B7-4E6E-93AF-EC8BFCE63166}.Debug|Any CPU.Build.0 = Debug|Any CPU
		{4FEF7D3D-13B7-4E6E-93AF-EC8BFCE63166}.Staging|Any CPU.ActiveCfg = Staging|Any CPU
		{4FEF7D3D-13B7-4E6E-93AF-EC8BFCE63166}.Staging|Any CPU.Build.0 = Staging|Any CPU
		{4FEF7D3D-13B7-4E6E-93AF-EC8BFCE63166}.Release|Any CPU.ActiveCfg = Release|Any CPU
		{4FEF7D3D-13B7-4E6E-93AF-EC8BFCE63166}.Release|Any CPU.Build.0 = Release|Any CPU
		{4FEF7D3D-13B7-4E6E-93AF-EC8BFCE63166}.Testing|Any CPU.ActiveCfg = Testing|Any CPU
		{4FEF7D3D-13B7-4E6E-93AF-EC8BFCE63166}.Testing|Any CPU.Build.0 = Testing|Any CPU
		{4FEF7D3D-13B7-4E6E-93AF-EC8BFCE63166}.Dev|Any CPU.ActiveCfg = Dev|Any CPU
		{4FEF7D3D-13B7-4E6E-93AF-EC8BFCE63166}.Dev|Any CPU.Build.0 = Dev|Any CPU
		{4FEF7D3D-13B7-4E6E-93AF-EC8BFCE63166}.Stage|Any CPU.ActiveCfg = Stage|Any CPU
		{4FEF7D3D-13B7-4E6E-93AF-EC8BFCE63166}.Stage|Any CPU.Build.0 = Stage|Any CPU
		{E7C48C4D-82D5-448C-AD0E-22228A2A78D8}.Local|Any CPU.ActiveCfg = Local|Any CPU
		{E7C48C4D-82D5-448C-AD0E-22228A2A78D8}.Local|Any CPU.Build.0 = Local|Any CPU
		{E7C48C4D-82D5-448C-AD0E-22228A2A78D8}.Debug|Any CPU.ActiveCfg = Debug|Any CPU
		{E7C48C4D-82D5-448C-AD0E-22228A2A78D8}.Debug|Any CPU.Build.0 = Debug|Any CPU
		{E7C48C4D-82D5-448C-AD0E-22228A2A78D8}.Staging|Any CPU.ActiveCfg = Staging|Any CPU
		{E7C48C4D-82D5-448C-AD0E-22228A2A78D8}.Staging|Any CPU.Build.0 = Staging|Any CPU
		{E7C48C4D-82D5-448C-AD0E-22228A2A78D8}.Release|Any CPU.ActiveCfg = Release|Any CPU
		{E7C48C4D-82D5-448C-AD0E-22228A2A78D8}.Release|Any CPU.Build.0 = Release|Any CPU
		{E7C48C4D-82D5-448C-AD0E-22228A2A78D8}.Testing|Any CPU.ActiveCfg = Testing|Any CPU
		{E7C48C4D-82D5-448C-AD0E-22228A2A78D8}.Testing|Any CPU.Build.0 = Testing|Any CPU
		{E7C48C4D-82D5-448C-AD0E-22228A2A78D8}.Dev|Any CPU.ActiveCfg = Dev|Any CPU
		{E7C48C4D-82D5-448C-AD0E-22228A2A78D8}.Dev|Any CPU.Build.0 = Dev|Any CPU
		{E7C48C4D-82D5-448C-AD0E-22228A2A78D8}.Stage|Any CPU.ActiveCfg = Stage|Any CPU
		{E7C48C4D-82D5-448C-AD0E-22228A2A78D8}.Stage|Any CPU.Build.0 = Stage|Any CPU
		{FBDBE619-9BFB-4C18-9D18-A7C13F248009}.Local|Any CPU.ActiveCfg = Local|Any CPU
		{FBDBE619-9BFB-4C18-9D18-A7C13F248009}.Local|Any CPU.Build.0 = Local|Any CPU
		{FBDBE619-9BFB-4C18-9D18-A7C13F248009}.Debug|Any CPU.ActiveCfg = Debug|Any CPU
		{FBDBE619-9BFB-4C18-9D18-A7C13F248009}.Debug|Any CPU.Build.0 = Debug|Any CPU
		{FBDBE619-9BFB-4C18-9D18-A7C13F248009}.Staging|Any CPU.ActiveCfg = Staging|Any CPU
		{FBDBE619-9BFB-4C18-9D18-A7C13F248009}.Staging|Any CPU.Build.0 = Staging|Any CPU
		{FBDBE619-9BFB-4C18-9D18-A7C13F248009}.Release|Any CPU.ActiveCfg = Release|Any CPU
		{FBDBE619-9BFB-4C18-9D18-A7C13F248009}.Release|Any CPU.Build.0 = Release|Any CPU
		{FBDBE619-9BFB-4C18-9D18-A7C13F248009}.Testing|Any CPU.ActiveCfg = Testing|Any CPU
		{FBDBE619-9BFB-4C18-9D18-A7C13F248009}.Testing|Any CPU.Build.0 = Testing|Any CPU
		{FBDBE619-9BFB-4C18-9D18-A7C13F248009}.Dev|Any CPU.ActiveCfg = Dev|Any CPU
		{FBDBE619-9BFB-4C18-9D18-A7C13F248009}.Dev|Any CPU.Build.0 = Dev|Any CPU
		{FBDBE619-9BFB-4C18-9D18-A7C13F248009}.Stage|Any CPU.ActiveCfg = Stage|Any CPU
		{FBDBE619-9BFB-4C18-9D18-A7C13F248009}.Stage|Any CPU.Build.0 = Stage|Any CPU
		{EFB68CCC-123E-4386-8BF1-D061DAEA4643}.Local|Any CPU.ActiveCfg = Local|Any CPU
		{EFB68CCC-123E-4386-8BF1-D061DAEA4643}.Local|Any CPU.Build.0 = Local|Any CPU
		{EFB68CCC-123E-4386-8BF1-D061DAEA4643}.Debug|Any CPU.ActiveCfg = Debug|Any CPU
		{EFB68CCC-123E-4386-8BF1-D061DAEA4643}.Debug|Any CPU.Build.0 = Debug|Any CPU
		{EFB68CCC-123E-4386-8BF1-D061DAEA4643}.Staging|Any CPU.ActiveCfg = Staging|Any CPU
		{EFB68CCC-123E-4386-8BF1-D061DAEA4643}.Staging|Any CPU.Build.0 = Staging|Any CPU
		{EFB68CCC-123E-4386-8BF1-D061DAEA4643}.Release|Any CPU.ActiveCfg = Release|Any CPU
		{EFB68CCC-123E-4386-8BF1-D061DAEA4643}.Release|Any CPU.Build.0 = Release|Any CPU
		{EFB68CCC-123E-4386-8BF1-D061DAEA4643}.Testing|Any CPU.ActiveCfg = Testing|Any CPU
		{EFB68CCC-123E-4386-8BF1-D061DAEA4643}.Testing|Any CPU.Build.0 = Testing|Any CPU
		{EFB68CCC-123E-4386-8BF1-D061DAEA4643}.Dev|Any CPU.ActiveCfg = Dev|Any CPU
		{EFB68CCC-123E-4386-8BF1-D061DAEA4643}.Dev|Any CPU.Build.0 = Dev|Any CPU
		{EFB68CCC-123E-4386-8BF1-D061DAEA4643}.Stage|Any CPU.ActiveCfg = Stage|Any CPU
		{EFB68CCC-123E-4386-8BF1-D061DAEA4643}.Stage|Any CPU.Build.0 = Stage|Any CPU
		{7A461D67-F73F-46DB-B35A-C9DF9DCE1963}.Local|Any CPU.ActiveCfg = Local|Any CPU
		{7A461D67-F73F-46DB-B35A-C9DF9DCE1963}.Local|Any CPU.Build.0 = Local|Any CPU
		{7A461D67-F73F-46DB-B35A-C9DF9DCE1963}.Debug|Any CPU.ActiveCfg = Debug|Any CPU
		{7A461D67-F73F-46DB-B35A-C9DF9DCE1963}.Debug|Any CPU.Build.0 = Debug|Any CPU
		{7A461D67-F73F-46DB-B35A-C9DF9DCE1963}.Staging|Any CPU.ActiveCfg = Staging|Any CPU
		{7A461D67-F73F-46DB-B35A-C9DF9DCE1963}.Staging|Any CPU.Build.0 = Staging|Any CPU
		{7A461D67-F73F-46DB-B35A-C9DF9DCE1963}.Release|Any CPU.ActiveCfg = Release|Any CPU
		{7A461D67-F73F-46DB-B35A-C9DF9DCE1963}.Release|Any CPU.Build.0 = Release|Any CPU
		{7A461D67-F73F-46DB-B35A-C9DF9DCE1963}.Testing|Any CPU.ActiveCfg = Testing|Any CPU
		{7A461D67-F73F-46DB-B35A-C9DF9DCE1963}.Testing|Any CPU.Build.0 = Testing|Any CPU
		{7A461D67-F73F-46DB-B35A-C9DF9DCE1963}.Dev|Any CPU.ActiveCfg = Dev|Any CPU
		{7A461D67-F73F-46DB-B35A-C9DF9DCE1963}.Dev|Any CPU.Build.0 = Dev|Any CPU
		{7A461D67-F73F-46DB-B35A-C9DF9DCE1963}.Stage|Any CPU.ActiveCfg = Stage|Any CPU
		{7A461D67-F73F-46DB-B35A-C9DF9DCE1963}.Stage|Any CPU.Build.0 = Stage|Any CPU
		{B98D8BCA-E8F8-456B-9F4E-74C51C634D76}.Local|Any CPU.ActiveCfg = Local|Any CPU
		{B98D8BCA-E8F8-456B-9F4E-74C51C634D76}.Local|Any CPU.Build.0 = Local|Any CPU
		{B98D8BCA-E8F8-456B-9F4E-74C51C634D76}.Debug|Any CPU.ActiveCfg = Debug|Any CPU
		{B98D8BCA-E8F8-456B-9F4E-74C51C634D76}.Debug|Any CPU.Build.0 = Debug|Any CPU
		{B98D8BCA-E8F8-456B-9F4E-74C51C634D76}.Staging|Any CPU.ActiveCfg = Staging|Any CPU
		{B98D8BCA-E8F8-456B-9F4E-74C51C634D76}.Staging|Any CPU.Build.0 = Staging|Any CPU
		{B98D8BCA-E8F8-456B-9F4E-74C51C634D76}.Release|Any CPU.ActiveCfg = Release|Any CPU
		{B98D8BCA-E8F8-456B-9F4E-74C51C634D76}.Release|Any CPU.Build.0 = Release|Any CPU
		{B98D8BCA-E8F8-456B-9F4E-74C51C634D76}.Testing|Any CPU.ActiveCfg = Testing|Any CPU
		{B98D8BCA-E8F8-456B-9F4E-74C51C634D76}.Testing|Any CPU.Build.0 = Testing|Any CPU
		{B98D8BCA-E8F8-456B-9F4E-74C51C634D76}.Dev|Any CPU.ActiveCfg = Dev|Any CPU
		{B98D8BCA-E8F8-456B-9F4E-74C51C634D76}.Dev|Any CPU.Build.0 = Dev|Any CPU
		{B98D8BCA-E8F8-456B-9F4E-74C51C634D76}.Stage|Any CPU.ActiveCfg = Stage|Any CPU
		{B98D8BCA-E8F8-456B-9F4E-74C51C634D76}.Stage|Any CPU.Build.0 = Stage|Any CPU
		{129B4C64-2979-4B3E-9A73-8E54085D1FA4}.Local|Any CPU.ActiveCfg = Local|Any CPU
		{129B4C64-2979-4B3E-9A73-8E54085D1FA4}.Local|Any CPU.Build.0 = Local|Any CPU
		{129B4C64-2979-4B3E-9A73-8E54085D1FA4}.Debug|Any CPU.ActiveCfg = Debug|Any CPU
		{129B4C64-2979-4B3E-9A73-8E54085D1FA4}.Debug|Any CPU.Build.0 = Debug|Any CPU
		{129B4C64-2979-4B3E-9A73-8E54085D1FA4}.Staging|Any CPU.ActiveCfg = Staging|Any CPU
		{129B4C64-2979-4B3E-9A73-8E54085D1FA4}.Staging|Any CPU.Build.0 = Staging|Any CPU
		{129B4C64-2979-4B3E-9A73-8E54085D1FA4}.Release|Any CPU.ActiveCfg = Release|Any CPU
		{129B4C64-2979-4B3E-9A73-8E54085D1FA4}.Release|Any CPU.Build.0 = Release|Any CPU
		{129B4C64-2979-4B3E-9A73-8E54085D1FA4}.Testing|Any CPU.ActiveCfg = Testing|Any CPU
		{129B4C64-2979-4B3E-9A73-8E54085D1FA4}.Testing|Any CPU.Build.0 = Testing|Any CPU
		{129B4C64-2979-4B3E-9A73-8E54085D1FA4}.Dev|Any CPU.ActiveCfg = Dev|Any CPU
		{129B4C64-2979-4B3E-9A73-8E54085D1FA4}.Dev|Any CPU.Build.0 = Dev|Any CPU
		{129B4C64-2979-4B3E-9A73-8E54085D1FA4}.Stage|Any CPU.ActiveCfg = Stage|Any CPU
		{129B4C64-2979-4B3E-9A73-8E54085D1FA4}.Stage|Any CPU.Build.0 = Stage|Any CPU
		{0714994E-D782-4A30-8F1E-9E3669706A07}.Local|Any CPU.ActiveCfg = Local|Any CPU
		{0714994E-D782-4A30-8F1E-9E3669706A07}.Local|Any CPU.Build.0 = Local|Any CPU
		{0714994E-D782-4A30-8F1E-9E3669706A07}.Debug|Any CPU.ActiveCfg = Debug|Any CPU
		{0714994E-D782-4A30-8F1E-9E3669706A07}.Debug|Any CPU.Build.0 = Debug|Any CPU
		{0714994E-D782-4A30-8F1E-9E3669706A07}.Staging|Any CPU.ActiveCfg = Staging|Any CPU
		{0714994E-D782-4A30-8F1E-9E3669706A07}.Staging|Any CPU.Build.0 = Staging|Any CPU
		{0714994E-D782-4A30-8F1E-9E3669706A07}.Release|Any CPU.ActiveCfg = Release|Any CPU
		{0714994E-D782-4A30-8F1E-9E3669706A07}.Release|Any CPU.Build.0 = Release|Any CPU
		{0714994E-D782-4A30-8F1E-9E3669706A07}.Testing|Any CPU.ActiveCfg = Testing|Any CPU
		{0714994E-D782-4A30-8F1E-9E3669706A07}.Testing|Any CPU.Build.0 = Testing|Any CPU
		{0714994E-D782-4A30-8F1E-9E3669706A07}.Dev|Any CPU.ActiveCfg = Dev|Any CPU
		{0714994E-D782-4A30-8F1E-9E3669706A07}.Dev|Any CPU.Build.0 = Dev|Any CPU
		{0714994E-D782-4A30-8F1E-9E3669706A07}.Stage|Any CPU.ActiveCfg = Stage|Any CPU
		{0714994E-D782-4A30-8F1E-9E3669706A07}.Stage|Any CPU.Build.0 = Stage|Any CPU
		{29F30CF2-2E75-4529-855F-CEBF0B7170B2}.Local|Any CPU.ActiveCfg = Local|Any CPU
		{29F30CF2-2E75-4529-855F-CEBF0B7170B2}.Local|Any CPU.Build.0 = Local|Any CPU
		{29F30CF2-2E75-4529-855F-CEBF0B7170B2}.Debug|Any CPU.ActiveCfg = Debug|Any CPU
		{29F30CF2-2E75-4529-855F-CEBF0B7170B2}.Debug|Any CPU.Build.0 = Debug|Any CPU
		{29F30CF2-2E75-4529-855F-CEBF0B7170B2}.Staging|Any CPU.ActiveCfg = Staging|Any CPU
		{29F30CF2-2E75-4529-855F-CEBF0B7170B2}.Staging|Any CPU.Build.0 = Staging|Any CPU
		{29F30CF2-2E75-4529-855F-CEBF0B7170B2}.Release|Any CPU.ActiveCfg = Release|Any CPU
		{29F30CF2-2E75-4529-855F-CEBF0B7170B2}.Release|Any CPU.Build.0 = Release|Any CPU
		{29F30CF2-2E75-4529-855F-CEBF0B7170B2}.Testing|Any CPU.ActiveCfg = Testing|Any CPU
		{29F30CF2-2E75-4529-855F-CEBF0B7170B2}.Testing|Any CPU.Build.0 = Testing|Any CPU
		{29F30CF2-2E75-4529-855F-CEBF0B7170B2}.Dev|Any CPU.ActiveCfg = Dev|Any CPU
		{29F30CF2-2E75-4529-855F-CEBF0B7170B2}.Dev|Any CPU.Build.0 = Dev|Any CPU
		{29F30CF2-2E75-4529-855F-CEBF0B7170B2}.Stage|Any CPU.ActiveCfg = Stage|Any CPU
		{29F30CF2-2E75-4529-855F-CEBF0B7170B2}.Stage|Any CPU.Build.0 = Stage|Any CPU
		{FF914990-8370-46B3-B87A-0B8AC1852CB4}.Local|Any CPU.ActiveCfg = Local|Any CPU
		{FF914990-8370-46B3-B87A-0B8AC1852CB4}.Local|Any CPU.Build.0 = Local|Any CPU
		{FF914990-8370-46B3-B87A-0B8AC1852CB4}.Debug|Any CPU.ActiveCfg = Debug|Any CPU
		{FF914990-8370-46B3-B87A-0B8AC1852CB4}.Debug|Any CPU.Build.0 = Debug|Any CPU
		{FF914990-8370-46B3-B87A-0B8AC1852CB4}.Staging|Any CPU.ActiveCfg = Staging|Any CPU
		{FF914990-8370-46B3-B87A-0B8AC1852CB4}.Staging|Any CPU.Build.0 = Staging|Any CPU
		{FF914990-8370-46B3-B87A-0B8AC1852CB4}.Release|Any CPU.ActiveCfg = Release|Any CPU
		{FF914990-8370-46B3-B87A-0B8AC1852CB4}.Release|Any CPU.Build.0 = Release|Any CPU
		{FF914990-8370-46B3-B87A-0B8AC1852CB4}.Testing|Any CPU.ActiveCfg = Testing|Any CPU
		{FF914990-8370-46B3-B87A-0B8AC1852CB4}.Testing|Any CPU.Build.0 = Testing|Any CPU
		{FF914990-8370-46B3-B87A-0B8AC1852CB4}.Dev|Any CPU.ActiveCfg = Dev|Any CPU
		{FF914990-8370-46B3-B87A-0B8AC1852CB4}.Dev|Any CPU.Build.0 = Dev|Any CPU
		{FF914990-8370-46B3-B87A-0B8AC1852CB4}.Stage|Any CPU.ActiveCfg = Stage|Any CPU
		{FF914990-8370-46B3-B87A-0B8AC1852CB4}.Stage|Any CPU.Build.0 = Stage|Any CPU
		{E94C117C-0D20-4870-9506-706BC0CDC49E}.Local|Any CPU.ActiveCfg = Local|Any CPU
		{E94C117C-0D20-4870-9506-706BC0CDC49E}.Local|Any CPU.Build.0 = Local|Any CPU
		{E94C117C-0D20-4870-9506-706BC0CDC49E}.Debug|Any CPU.ActiveCfg = Debug|Any CPU
		{E94C117C-0D20-4870-9506-706BC0CDC49E}.Debug|Any CPU.Build.0 = Debug|Any CPU
		{E94C117C-0D20-4870-9506-706BC0CDC49E}.Staging|Any CPU.ActiveCfg = Staging|Any CPU
		{E94C117C-0D20-4870-9506-706BC0CDC49E}.Staging|Any CPU.Build.0 = Staging|Any CPU
		{E94C117C-0D20-4870-9506-706BC0CDC49E}.Release|Any CPU.ActiveCfg = Release|Any CPU
		{E94C117C-0D20-4870-9506-706BC0CDC49E}.Release|Any CPU.Build.0 = Release|Any CPU
		{E94C117C-0D20-4870-9506-706BC0CDC49E}.Testing|Any CPU.ActiveCfg = Testing|Any CPU
		{E94C117C-0D20-4870-9506-706BC0CDC49E}.Testing|Any CPU.Build.0 = Testing|Any CPU
		{E94C117C-0D20-4870-9506-706BC0CDC49E}.Dev|Any CPU.ActiveCfg = Dev|Any CPU
		{E94C117C-0D20-4870-9506-706BC0CDC49E}.Dev|Any CPU.Build.0 = Dev|Any CPU
		{E94C117C-0D20-4870-9506-706BC0CDC49E}.Stage|Any CPU.ActiveCfg = Stage|Any CPU
		{E94C117C-0D20-4870-9506-706BC0CDC49E}.Stage|Any CPU.Build.0 = Stage|Any CPU
		{AEAAB16B-DD87-4BDF-AE1F-F3AA1B00C68C}.Local|Any CPU.ActiveCfg = Local|Any CPU
		{AEAAB16B-DD87-4BDF-AE1F-F3AA1B00C68C}.Local|Any CPU.Build.0 = Local|Any CPU
		{AEAAB16B-DD87-4BDF-AE1F-F3AA1B00C68C}.Debug|Any CPU.ActiveCfg = Debug|Any CPU
		{AEAAB16B-DD87-4BDF-AE1F-F3AA1B00C68C}.Debug|Any CPU.Build.0 = Debug|Any CPU
		{AEAAB16B-DD87-4BDF-AE1F-F3AA1B00C68C}.Staging|Any CPU.ActiveCfg = Staging|Any CPU
		{AEAAB16B-DD87-4BDF-AE1F-F3AA1B00C68C}.Staging|Any CPU.Build.0 = Staging|Any CPU
		{AEAAB16B-DD87-4BDF-AE1F-F3AA1B00C68C}.Release|Any CPU.ActiveCfg = Release|Any CPU
		{AEAAB16B-DD87-4BDF-AE1F-F3AA1B00C68C}.Release|Any CPU.Build.0 = Release|Any CPU
		{AEAAB16B-DD87-4BDF-AE1F-F3AA1B00C68C}.Testing|Any CPU.ActiveCfg = Testing|Any CPU
		{AEAAB16B-DD87-4BDF-AE1F-F3AA1B00C68C}.Testing|Any CPU.Build.0 = Testing|Any CPU
		{AEAAB16B-DD87-4BDF-AE1F-F3AA1B00C68C}.Dev|Any CPU.ActiveCfg = Dev|Any CPU
		{AEAAB16B-DD87-4BDF-AE1F-F3AA1B00C68C}.Dev|Any CPU.Build.0 = Dev|Any CPU
		{AEAAB16B-DD87-4BDF-AE1F-F3AA1B00C68C}.Stage|Any CPU.ActiveCfg = Stage|Any CPU
		{AEAAB16B-DD87-4BDF-AE1F-F3AA1B00C68C}.Stage|Any CPU.Build.0 = Stage|Any CPU
		{7031E704-9619-4A6A-B1DE-A69FFB51CB3E}.Local|Any CPU.ActiveCfg = Local|Any CPU
		{7031E704-9619-4A6A-B1DE-A69FFB51CB3E}.Local|Any CPU.Build.0 = Local|Any CPU
		{7031E704-9619-4A6A-B1DE-A69FFB51CB3E}.Debug|Any CPU.ActiveCfg = Debug|Any CPU
		{7031E704-9619-4A6A-B1DE-A69FFB51CB3E}.Debug|Any CPU.Build.0 = Debug|Any CPU
		{7031E704-9619-4A6A-B1DE-A69FFB51CB3E}.Staging|Any CPU.ActiveCfg = Staging|Any CPU
		{7031E704-9619-4A6A-B1DE-A69FFB51CB3E}.Staging|Any CPU.Build.0 = Staging|Any CPU
		{7031E704-9619-4A6A-B1DE-A69FFB51CB3E}.Release|Any CPU.ActiveCfg = Release|Any CPU
		{7031E704-9619-4A6A-B1DE-A69FFB51CB3E}.Release|Any CPU.Build.0 = Release|Any CPU
		{7031E704-9619-4A6A-B1DE-A69FFB51CB3E}.Testing|Any CPU.ActiveCfg = Testing|Any CPU
		{7031E704-9619-4A6A-B1DE-A69FFB51CB3E}.Testing|Any CPU.Build.0 = Testing|Any CPU
		{7031E704-9619-4A6A-B1DE-A69FFB51CB3E}.Dev|Any CPU.ActiveCfg = Dev|Any CPU
		{7031E704-9619-4A6A-B1DE-A69FFB51CB3E}.Dev|Any CPU.Build.0 = Dev|Any CPU
		{7031E704-9619-4A6A-B1DE-A69FFB51CB3E}.Stage|Any CPU.ActiveCfg = Stage|Any CPU
		{7031E704-9619-4A6A-B1DE-A69FFB51CB3E}.Stage|Any CPU.Build.0 = Stage|Any CPU
		{E7E30DC6-F2EF-4451-A8BA-83D3ABE11499}.Local|Any CPU.ActiveCfg = Local|Any CPU
		{E7E30DC6-F2EF-4451-A8BA-83D3ABE11499}.Local|Any CPU.Build.0 = Local|Any CPU
		{E7E30DC6-F2EF-4451-A8BA-83D3ABE11499}.Debug|Any CPU.ActiveCfg = Debug|Any CPU
		{E7E30DC6-F2EF-4451-A8BA-83D3ABE11499}.Debug|Any CPU.Build.0 = Debug|Any CPU
		{E7E30DC6-F2EF-4451-A8BA-83D3ABE11499}.Staging|Any CPU.ActiveCfg = Staging|Any CPU
		{E7E30DC6-F2EF-4451-A8BA-83D3ABE11499}.Staging|Any CPU.Build.0 = Staging|Any CPU
		{E7E30DC6-F2EF-4451-A8BA-83D3ABE11499}.Release|Any CPU.ActiveCfg = Release|Any CPU
		{E7E30DC6-F2EF-4451-A8BA-83D3ABE11499}.Release|Any CPU.Build.0 = Release|Any CPU
		{E7E30DC6-F2EF-4451-A8BA-83D3ABE11499}.Testing|Any CPU.ActiveCfg = Testing|Any CPU
		{E7E30DC6-F2EF-4451-A8BA-83D3ABE11499}.Testing|Any CPU.Build.0 = Testing|Any CPU
		{E7E30DC6-F2EF-4451-A8BA-83D3ABE11499}.Dev|Any CPU.ActiveCfg = Dev|Any CPU
		{E7E30DC6-F2EF-4451-A8BA-83D3ABE11499}.Dev|Any CPU.Build.0 = Dev|Any CPU
		{E7E30DC6-F2EF-4451-A8BA-83D3ABE11499}.Stage|Any CPU.ActiveCfg = Stage|Any CPU
		{E7E30DC6-F2EF-4451-A8BA-83D3ABE11499}.Stage|Any CPU.Build.0 = Stage|Any CPU
		{FC342CB3-5C0F-412E-AB8D-14DD5E33EBC7}.Local|Any CPU.ActiveCfg = Local|Any CPU
		{FC342CB3-5C0F-412E-AB8D-14DD5E33EBC7}.Local|Any CPU.Build.0 = Local|Any CPU
		{FC342CB3-5C0F-412E-AB8D-14DD5E33EBC7}.Debug|Any CPU.ActiveCfg = Debug|Any CPU
		{FC342CB3-5C0F-412E-AB8D-14DD5E33EBC7}.Debug|Any CPU.Build.0 = Debug|Any CPU
		{FC342CB3-5C0F-412E-AB8D-14DD5E33EBC7}.Staging|Any CPU.ActiveCfg = Staging|Any CPU
		{FC342CB3-5C0F-412E-AB8D-14DD5E33EBC7}.Staging|Any CPU.Build.0 = Staging|Any CPU
		{FC342CB3-5C0F-412E-AB8D-14DD5E33EBC7}.Release|Any CPU.ActiveCfg = Release|Any CPU
		{FC342CB3-5C0F-412E-AB8D-14DD5E33EBC7}.Release|Any CPU.Build.0 = Release|Any CPU
		{FC342CB3-5C0F-412E-AB8D-14DD5E33EBC7}.Testing|Any CPU.ActiveCfg = Testing|Any CPU
		{FC342CB3-5C0F-412E-AB8D-14DD5E33EBC7}.Testing|Any CPU.Build.0 = Testing|Any CPU
		{FC342CB3-5C0F-412E-AB8D-14DD5E33EBC7}.Dev|Any CPU.ActiveCfg = Dev|Any CPU
		{FC342CB3-5C0F-412E-AB8D-14DD5E33EBC7}.Dev|Any CPU.Build.0 = Dev|Any CPU
		{FC342CB3-5C0F-412E-AB8D-14DD5E33EBC7}.Stage|Any CPU.ActiveCfg = Stage|Any CPU
		{FC342CB3-5C0F-412E-AB8D-14DD5E33EBC7}.Stage|Any CPU.Build.0 = Stage|Any CPU
		{E5140072-B77C-4EF4-9EB0-28F085F5B40F}.Local|Any CPU.ActiveCfg = Local|Any CPU
		{E5140072-B77C-4EF4-9EB0-28F085F5B40F}.Local|Any CPU.Build.0 = Local|Any CPU
		{E5140072-B77C-4EF4-9EB0-28F085F5B40F}.Debug|Any CPU.ActiveCfg = Debug|Any CPU
		{E5140072-B77C-4EF4-9EB0-28F085F5B40F}.Debug|Any CPU.Build.0 = Debug|Any CPU
		{E5140072-B77C-4EF4-9EB0-28F085F5B40F}.Staging|Any CPU.ActiveCfg = Staging|Any CPU
		{E5140072-B77C-4EF4-9EB0-28F085F5B40F}.Staging|Any CPU.Build.0 = Staging|Any CPU
		{E5140072-B77C-4EF4-9EB0-28F085F5B40F}.Release|Any CPU.ActiveCfg = Release|Any CPU
		{E5140072-B77C-4EF4-9EB0-28F085F5B40F}.Release|Any CPU.Build.0 = Release|Any CPU
		{E5140072-B77C-4EF4-9EB0-28F085F5B40F}.Testing|Any CPU.ActiveCfg = Testing|Any CPU
		{E5140072-B77C-4EF4-9EB0-28F085F5B40F}.Testing|Any CPU.Build.0 = Testing|Any CPU
		{E5140072-B77C-4EF4-9EB0-28F085F5B40F}.Dev|Any CPU.ActiveCfg = Dev|Any CPU
		{E5140072-B77C-4EF4-9EB0-28F085F5B40F}.Dev|Any CPU.Build.0 = Dev|Any CPU
		{E5140072-B77C-4EF4-9EB0-28F085F5B40F}.Stage|Any CPU.ActiveCfg = Stage|Any CPU
		{E5140072-B77C-4EF4-9EB0-28F085F5B40F}.Stage|Any CPU.Build.0 = Stage|Any CPU
		{6FDA167E-D448-4561-AD82-31E15ACCFC65}.Local|Any CPU.ActiveCfg = Local|Any CPU
		{6FDA167E-D448-4561-AD82-31E15ACCFC65}.Local|Any CPU.Build.0 = Local|Any CPU
		{6FDA167E-D448-4561-AD82-31E15ACCFC65}.Debug|Any CPU.ActiveCfg = Debug|Any CPU
		{6FDA167E-D448-4561-AD82-31E15ACCFC65}.Debug|Any CPU.Build.0 = Debug|Any CPU
		{6FDA167E-D448-4561-AD82-31E15ACCFC65}.Staging|Any CPU.ActiveCfg = Staging|Any CPU
		{6FDA167E-D448-4561-AD82-31E15ACCFC65}.Staging|Any CPU.Build.0 = Staging|Any CPU
		{6FDA167E-D448-4561-AD82-31E15ACCFC65}.Release|Any CPU.ActiveCfg = Release|Any CPU
		{6FDA167E-D448-4561-AD82-31E15ACCFC65}.Release|Any CPU.Build.0 = Release|Any CPU
		{6FDA167E-D448-4561-AD82-31E15ACCFC65}.Testing|Any CPU.ActiveCfg = Testing|Any CPU
		{6FDA167E-D448-4561-AD82-31E15ACCFC65}.Testing|Any CPU.Build.0 = Testing|Any CPU
		{6FDA167E-D448-4561-AD82-31E15ACCFC65}.Dev|Any CPU.ActiveCfg = Dev|Any CPU
		{6FDA167E-D448-4561-AD82-31E15ACCFC65}.Dev|Any CPU.Build.0 = Dev|Any CPU
		{6FDA167E-D448-4561-AD82-31E15ACCFC65}.Stage|Any CPU.ActiveCfg = Stage|Any CPU
		{6FDA167E-D448-4561-AD82-31E15ACCFC65}.Stage|Any CPU.Build.0 = Stage|Any CPU
		{146D47FD-114A-45B7-AA26-6F56BC0123ED}.Local|Any CPU.ActiveCfg = Local|Any CPU
		{146D47FD-114A-45B7-AA26-6F56BC0123ED}.Local|Any CPU.Build.0 = Local|Any CPU
		{146D47FD-114A-45B7-AA26-6F56BC0123ED}.Debug|Any CPU.ActiveCfg = Debug|Any CPU
		{146D47FD-114A-45B7-AA26-6F56BC0123ED}.Debug|Any CPU.Build.0 = Debug|Any CPU
		{146D47FD-114A-45B7-AA26-6F56BC0123ED}.Staging|Any CPU.ActiveCfg = Staging|Any CPU
		{146D47FD-114A-45B7-AA26-6F56BC0123ED}.Staging|Any CPU.Build.0 = Staging|Any CPU
		{146D47FD-114A-45B7-AA26-6F56BC0123ED}.Release|Any CPU.ActiveCfg = Release|Any CPU
		{146D47FD-114A-45B7-AA26-6F56BC0123ED}.Release|Any CPU.Build.0 = Release|Any CPU
		{146D47FD-114A-45B7-AA26-6F56BC0123ED}.Testing|Any CPU.ActiveCfg = Testing|Any CPU
		{146D47FD-114A-45B7-AA26-6F56BC0123ED}.Testing|Any CPU.Build.0 = Testing|Any CPU
		{146D47FD-114A-45B7-AA26-6F56BC0123ED}.Dev|Any CPU.ActiveCfg = Dev|Any CPU
		{146D47FD-114A-45B7-AA26-6F56BC0123ED}.Dev|Any CPU.Build.0 = Dev|Any CPU
		{146D47FD-114A-45B7-AA26-6F56BC0123ED}.Stage|Any CPU.ActiveCfg = Stage|Any CPU
		{146D47FD-114A-45B7-AA26-6F56BC0123ED}.Stage|Any CPU.Build.0 = Stage|Any CPU
		{05D91778-0F4B-4FCF-A415-10EC405DB3F0}.Local|Any CPU.ActiveCfg = Local|Any CPU
		{05D91778-0F4B-4FCF-A415-10EC405DB3F0}.Local|Any CPU.Build.0 = Local|Any CPU
		{05D91778-0F4B-4FCF-A415-10EC405DB3F0}.Debug|Any CPU.ActiveCfg = Debug|Any CPU
		{05D91778-0F4B-4FCF-A415-10EC405DB3F0}.Debug|Any CPU.Build.0 = Debug|Any CPU
		{05D91778-0F4B-4FCF-A415-10EC405DB3F0}.Staging|Any CPU.ActiveCfg = Staging|Any CPU
		{05D91778-0F4B-4FCF-A415-10EC405DB3F0}.Staging|Any CPU.Build.0 = Staging|Any CPU
		{05D91778-0F4B-4FCF-A415-10EC405DB3F0}.Release|Any CPU.ActiveCfg = Release|Any CPU
		{05D91778-0F4B-4FCF-A415-10EC405DB3F0}.Release|Any CPU.Build.0 = Release|Any CPU
		{05D91778-0F4B-4FCF-A415-10EC405DB3F0}.Testing|Any CPU.ActiveCfg = Testing|Any CPU
		{05D91778-0F4B-4FCF-A415-10EC405DB3F0}.Testing|Any CPU.Build.0 = Testing|Any CPU
		{05D91778-0F4B-4FCF-A415-10EC405DB3F0}.Dev|Any CPU.ActiveCfg = Dev|Any CPU
		{05D91778-0F4B-4FCF-A415-10EC405DB3F0}.Dev|Any CPU.Build.0 = Dev|Any CPU
		{05D91778-0F4B-4FCF-A415-10EC405DB3F0}.Stage|Any CPU.ActiveCfg = Stage|Any CPU
		{05D91778-0F4B-4FCF-A415-10EC405DB3F0}.Stage|Any CPU.Build.0 = Stage|Any CPU
		{7A8D948C-E5A7-4774-A5B8-C7D1A165C479}.Local|Any CPU.ActiveCfg = Local|Any CPU
		{7A8D948C-E5A7-4774-A5B8-C7D1A165C479}.Local|Any CPU.Build.0 = Local|Any CPU
		{7A8D948C-E5A7-4774-A5B8-C7D1A165C479}.Debug|Any CPU.ActiveCfg = Debug|Any CPU
		{7A8D948C-E5A7-4774-A5B8-C7D1A165C479}.Debug|Any CPU.Build.0 = Debug|Any CPU
		{7A8D948C-E5A7-4774-A5B8-C7D1A165C479}.Staging|Any CPU.ActiveCfg = Staging|Any CPU
		{7A8D948C-E5A7-4774-A5B8-C7D1A165C479}.Staging|Any CPU.Build.0 = Staging|Any CPU
		{7A8D948C-E5A7-4774-A5B8-C7D1A165C479}.Release|Any CPU.ActiveCfg = Release|Any CPU
		{7A8D948C-E5A7-4774-A5B8-C7D1A165C479}.Release|Any CPU.Build.0 = Release|Any CPU
		{7A8D948C-E5A7-4774-A5B8-C7D1A165C479}.Testing|Any CPU.ActiveCfg = Testing|Any CPU
		{7A8D948C-E5A7-4774-A5B8-C7D1A165C479}.Testing|Any CPU.Build.0 = Testing|Any CPU
		{7A8D948C-E5A7-4774-A5B8-C7D1A165C479}.Dev|Any CPU.ActiveCfg = Dev|Any CPU
		{7A8D948C-E5A7-4774-A5B8-C7D1A165C479}.Dev|Any CPU.Build.0 = Dev|Any CPU
		{7A8D948C-E5A7-4774-A5B8-C7D1A165C479}.Stage|Any CPU.ActiveCfg = Stage|Any CPU
		{7A8D948C-E5A7-4774-A5B8-C7D1A165C479}.Stage|Any CPU.Build.0 = Stage|Any CPU
		{C6EC852E-4D75-44C5-AF85-830852F33373}.Local|Any CPU.ActiveCfg = Local|Any CPU
		{C6EC852E-4D75-44C5-AF85-830852F33373}.Local|Any CPU.Build.0 = Local|Any CPU
		{C6EC852E-4D75-44C5-AF85-830852F33373}.Debug|Any CPU.ActiveCfg = Debug|Any CPU
		{C6EC852E-4D75-44C5-AF85-830852F33373}.Debug|Any CPU.Build.0 = Debug|Any CPU
		{C6EC852E-4D75-44C5-AF85-830852F33373}.Staging|Any CPU.ActiveCfg = Staging|Any CPU
		{C6EC852E-4D75-44C5-AF85-830852F33373}.Staging|Any CPU.Build.0 = Staging|Any CPU
		{C6EC852E-4D75-44C5-AF85-830852F33373}.Release|Any CPU.ActiveCfg = Release|Any CPU
		{C6EC852E-4D75-44C5-AF85-830852F33373}.Release|Any CPU.Build.0 = Release|Any CPU
		{C6EC852E-4D75-44C5-AF85-830852F33373}.Testing|Any CPU.ActiveCfg = Testing|Any CPU
		{C6EC852E-4D75-44C5-AF85-830852F33373}.Testing|Any CPU.Build.0 = Testing|Any CPU
		{C6EC852E-4D75-44C5-AF85-830852F33373}.Dev|Any CPU.ActiveCfg = Dev|Any CPU
		{C6EC852E-4D75-44C5-AF85-830852F33373}.Dev|Any CPU.Build.0 = Dev|Any CPU
		{C6EC852E-4D75-44C5-AF85-830852F33373}.Stage|Any CPU.ActiveCfg = Stage|Any CPU
		{C6EC852E-4D75-44C5-AF85-830852F33373}.Stage|Any CPU.Build.0 = Stage|Any CPU
		{BEA8FD15-4610-4143-B4C1-4A7D4791B349}.Local|Any CPU.ActiveCfg = Local|Any CPU
		{BEA8FD15-4610-4143-B4C1-4A7D4791B349}.Local|Any CPU.Build.0 = Local|Any CPU
		{BEA8FD15-4610-4143-B4C1-4A7D4791B349}.Debug|Any CPU.ActiveCfg = Debug|Any CPU
		{BEA8FD15-4610-4143-B4C1-4A7D4791B349}.Debug|Any CPU.Build.0 = Debug|Any CPU
		{BEA8FD15-4610-4143-B4C1-4A7D4791B349}.Staging|Any CPU.ActiveCfg = Staging|Any CPU
		{BEA8FD15-4610-4143-B4C1-4A7D4791B349}.Staging|Any CPU.Build.0 = Staging|Any CPU
		{BEA8FD15-4610-4143-B4C1-4A7D4791B349}.Release|Any CPU.ActiveCfg = Release|Any CPU
		{BEA8FD15-4610-4143-B4C1-4A7D4791B349}.Release|Any CPU.Build.0 = Release|Any CPU
		{BEA8FD15-4610-4143-B4C1-4A7D4791B349}.Testing|Any CPU.ActiveCfg = Testing|Any CPU
		{BEA8FD15-4610-4143-B4C1-4A7D4791B349}.Testing|Any CPU.Build.0 = Testing|Any CPU
		{BEA8FD15-4610-4143-B4C1-4A7D4791B349}.Dev|Any CPU.ActiveCfg = Dev|Any CPU
		{BEA8FD15-4610-4143-B4C1-4A7D4791B349}.Dev|Any CPU.Build.0 = Dev|Any CPU
		{BEA8FD15-4610-4143-B4C1-4A7D4791B349}.Stage|Any CPU.ActiveCfg = Stage|Any CPU
		{BEA8FD15-4610-4143-B4C1-4A7D4791B349}.Stage|Any CPU.Build.0 = Stage|Any CPU
		{2DBF0C14-BF76-46CE-A40E-BC7D4A93A67A}.Local|Any CPU.ActiveCfg = Local|Any CPU
		{2DBF0C14-BF76-46CE-A40E-BC7D4A93A67A}.Local|Any CPU.Build.0 = Local|Any CPU
		{2DBF0C14-BF76-46CE-A40E-BC7D4A93A67A}.Debug|Any CPU.ActiveCfg = Debug|Any CPU
		{2DBF0C14-BF76-46CE-A40E-BC7D4A93A67A}.Debug|Any CPU.Build.0 = Debug|Any CPU
		{2DBF0C14-BF76-46CE-A40E-BC7D4A93A67A}.Staging|Any CPU.ActiveCfg = Staging|Any CPU
		{2DBF0C14-BF76-46CE-A40E-BC7D4A93A67A}.Staging|Any CPU.Build.0 = Staging|Any CPU
		{2DBF0C14-BF76-46CE-A40E-BC7D4A93A67A}.Release|Any CPU.ActiveCfg = Release|Any CPU
		{2DBF0C14-BF76-46CE-A40E-BC7D4A93A67A}.Release|Any CPU.Build.0 = Release|Any CPU
		{2DBF0C14-BF76-46CE-A40E-BC7D4A93A67A}.Testing|Any CPU.ActiveCfg = Testing|Any CPU
		{2DBF0C14-BF76-46CE-A40E-BC7D4A93A67A}.Testing|Any CPU.Build.0 = Testing|Any CPU
		{2DBF0C14-BF76-46CE-A40E-BC7D4A93A67A}.Dev|Any CPU.ActiveCfg = Dev|Any CPU
		{2DBF0C14-BF76-46CE-A40E-BC7D4A93A67A}.Dev|Any CPU.Build.0 = Dev|Any CPU
		{2DBF0C14-BF76-46CE-A40E-BC7D4A93A67A}.Stage|Any CPU.ActiveCfg = Stage|Any CPU
		{2DBF0C14-BF76-46CE-A40E-BC7D4A93A67A}.Stage|Any CPU.Build.0 = Stage|Any CPU
		{E2E10BC1-AA79-4DB1-B9C5-A568415C69B6}.Local|Any CPU.ActiveCfg = Local|Any CPU
		{E2E10BC1-AA79-4DB1-B9C5-A568415C69B6}.Local|Any CPU.Build.0 = Local|Any CPU
		{E2E10BC1-AA79-4DB1-B9C5-A568415C69B6}.Debug|Any CPU.ActiveCfg = Debug|Any CPU
		{E2E10BC1-AA79-4DB1-B9C5-A568415C69B6}.Debug|Any CPU.Build.0 = Debug|Any CPU
		{E2E10BC1-AA79-4DB1-B9C5-A568415C69B6}.Staging|Any CPU.ActiveCfg = Staging|Any CPU
		{E2E10BC1-AA79-4DB1-B9C5-A568415C69B6}.Staging|Any CPU.Build.0 = Staging|Any CPU
		{E2E10BC1-AA79-4DB1-B9C5-A568415C69B6}.Release|Any CPU.ActiveCfg = Release|Any CPU
		{E2E10BC1-AA79-4DB1-B9C5-A568415C69B6}.Release|Any CPU.Build.0 = Release|Any CPU
		{E2E10BC1-AA79-4DB1-B9C5-A568415C69B6}.Testing|Any CPU.ActiveCfg = Testing|Any CPU
		{E2E10BC1-AA79-4DB1-B9C5-A568415C69B6}.Testing|Any CPU.Build.0 = Testing|Any CPU
		{E2E10BC1-AA79-4DB1-B9C5-A568415C69B6}.Dev|Any CPU.ActiveCfg = Dev|Any CPU
		{E2E10BC1-AA79-4DB1-B9C5-A568415C69B6}.Dev|Any CPU.Build.0 = Dev|Any CPU
		{E2E10BC1-AA79-4DB1-B9C5-A568415C69B6}.Stage|Any CPU.ActiveCfg = Stage|Any CPU
		{E2E10BC1-AA79-4DB1-B9C5-A568415C69B6}.Stage|Any CPU.Build.0 = Stage|Any CPU
		{EDA1B6F8-1BC6-4469-89B0-B468C0431F04}.Local|Any CPU.ActiveCfg = Local|Any CPU
		{EDA1B6F8-1BC6-4469-89B0-B468C0431F04}.Local|Any CPU.Build.0 = Local|Any CPU
		{EDA1B6F8-1BC6-4469-89B0-B468C0431F04}.Debug|Any CPU.ActiveCfg = Debug|Any CPU
		{EDA1B6F8-1BC6-4469-89B0-B468C0431F04}.Debug|Any CPU.Build.0 = Debug|Any CPU
		{EDA1B6F8-1BC6-4469-89B0-B468C0431F04}.Staging|Any CPU.ActiveCfg = Staging|Any CPU
		{EDA1B6F8-1BC6-4469-89B0-B468C0431F04}.Staging|Any CPU.Build.0 = Staging|Any CPU
		{EDA1B6F8-1BC6-4469-89B0-B468C0431F04}.Release|Any CPU.ActiveCfg = Release|Any CPU
		{EDA1B6F8-1BC6-4469-89B0-B468C0431F04}.Release|Any CPU.Build.0 = Release|Any CPU
		{EDA1B6F8-1BC6-4469-89B0-B468C0431F04}.Testing|Any CPU.ActiveCfg = Testing|Any CPU
		{EDA1B6F8-1BC6-4469-89B0-B468C0431F04}.Testing|Any CPU.Build.0 = Testing|Any CPU
		{EDA1B6F8-1BC6-4469-89B0-B468C0431F04}.Dev|Any CPU.ActiveCfg = Dev|Any CPU
		{EDA1B6F8-1BC6-4469-89B0-B468C0431F04}.Dev|Any CPU.Build.0 = Dev|Any CPU
		{EDA1B6F8-1BC6-4469-89B0-B468C0431F04}.Stage|Any CPU.ActiveCfg = Stage|Any CPU
		{EDA1B6F8-1BC6-4469-89B0-B468C0431F04}.Stage|Any CPU.Build.0 = Stage|Any CPU
		{B10C4B3A-202E-4910-8BFE-76D7B0EF5430}.Local|Any CPU.ActiveCfg = Local|Any CPU
		{B10C4B3A-202E-4910-8BFE-76D7B0EF5430}.Local|Any CPU.Build.0 = Local|Any CPU
		{B10C4B3A-202E-4910-8BFE-76D7B0EF5430}.Debug|Any CPU.ActiveCfg = Debug|Any CPU
		{B10C4B3A-202E-4910-8BFE-76D7B0EF5430}.Debug|Any CPU.Build.0 = Debug|Any CPU
		{B10C4B3A-202E-4910-8BFE-76D7B0EF5430}.Staging|Any CPU.ActiveCfg = Staging|Any CPU
		{B10C4B3A-202E-4910-8BFE-76D7B0EF5430}.Staging|Any CPU.Build.0 = Staging|Any CPU
		{B10C4B3A-202E-4910-8BFE-76D7B0EF5430}.Release|Any CPU.ActiveCfg = Release|Any CPU
		{B10C4B3A-202E-4910-8BFE-76D7B0EF5430}.Release|Any CPU.Build.0 = Release|Any CPU
		{B10C4B3A-202E-4910-8BFE-76D7B0EF5430}.Testing|Any CPU.ActiveCfg = Testing|Any CPU
		{B10C4B3A-202E-4910-8BFE-76D7B0EF5430}.Testing|Any CPU.Build.0 = Testing|Any CPU
		{B10C4B3A-202E-4910-8BFE-76D7B0EF5430}.Dev|Any CPU.ActiveCfg = Dev|Any CPU
		{B10C4B3A-202E-4910-8BFE-76D7B0EF5430}.Dev|Any CPU.Build.0 = Dev|Any CPU
		{B10C4B3A-202E-4910-8BFE-76D7B0EF5430}.Stage|Any CPU.ActiveCfg = Stage|Any CPU
		{B10C4B3A-202E-4910-8BFE-76D7B0EF5430}.Stage|Any CPU.Build.0 = Stage|Any CPU
		{7222FD7D-3FBD-4837-AD2E-FA72B7B4777F}.Local|Any CPU.ActiveCfg = Local|Any CPU
		{7222FD7D-3FBD-4837-AD2E-FA72B7B4777F}.Local|Any CPU.Build.0 = Local|Any CPU
		{7222FD7D-3FBD-4837-AD2E-FA72B7B4777F}.Debug|Any CPU.ActiveCfg = Debug|Any CPU
		{7222FD7D-3FBD-4837-AD2E-FA72B7B4777F}.Debug|Any CPU.Build.0 = Debug|Any CPU
		{7222FD7D-3FBD-4837-AD2E-FA72B7B4777F}.Staging|Any CPU.ActiveCfg = Staging|Any CPU
		{7222FD7D-3FBD-4837-AD2E-FA72B7B4777F}.Staging|Any CPU.Build.0 = Staging|Any CPU
		{7222FD7D-3FBD-4837-AD2E-FA72B7B4777F}.Release|Any CPU.ActiveCfg = Release|Any CPU
		{7222FD7D-3FBD-4837-AD2E-FA72B7B4777F}.Release|Any CPU.Build.0 = Release|Any CPU
		{7222FD7D-3FBD-4837-AD2E-FA72B7B4777F}.Testing|Any CPU.ActiveCfg = Testing|Any CPU
		{7222FD7D-3FBD-4837-AD2E-FA72B7B4777F}.Testing|Any CPU.Build.0 = Testing|Any CPU
		{7222FD7D-3FBD-4837-AD2E-FA72B7B4777F}.Dev|Any CPU.ActiveCfg = Dev|Any CPU
		{7222FD7D-3FBD-4837-AD2E-FA72B7B4777F}.Dev|Any CPU.Build.0 = Dev|Any CPU
		{7222FD7D-3FBD-4837-AD2E-FA72B7B4777F}.Stage|Any CPU.ActiveCfg = Stage|Any CPU
		{7222FD7D-3FBD-4837-AD2E-FA72B7B4777F}.Stage|Any CPU.Build.0 = Stage|Any CPU
		{2DC7A128-DCE1-4A52-9BD8-4D7B67877672}.Local|Any CPU.ActiveCfg = Local|Any CPU
		{2DC7A128-DCE1-4A52-9BD8-4D7B67877672}.Local|Any CPU.Build.0 = Local|Any CPU
		{2DC7A128-DCE1-4A52-9BD8-4D7B67877672}.Debug|Any CPU.ActiveCfg = Debug|Any CPU
		{2DC7A128-DCE1-4A52-9BD8-4D7B67877672}.Debug|Any CPU.Build.0 = Debug|Any CPU
		{2DC7A128-DCE1-4A52-9BD8-4D7B67877672}.Staging|Any CPU.ActiveCfg = Staging|Any CPU
		{2DC7A128-DCE1-4A52-9BD8-4D7B67877672}.Staging|Any CPU.Build.0 = Staging|Any CPU
		{2DC7A128-DCE1-4A52-9BD8-4D7B67877672}.Release|Any CPU.ActiveCfg = Release|Any CPU
		{2DC7A128-DCE1-4A52-9BD8-4D7B67877672}.Release|Any CPU.Build.0 = Release|Any CPU
		{2DC7A128-DCE1-4A52-9BD8-4D7B67877672}.Testing|Any CPU.ActiveCfg = Testing|Any CPU
		{2DC7A128-DCE1-4A52-9BD8-4D7B67877672}.Testing|Any CPU.Build.0 = Testing|Any CPU
		{2DC7A128-DCE1-4A52-9BD8-4D7B67877672}.Dev|Any CPU.ActiveCfg = Dev|Any CPU
		{2DC7A128-DCE1-4A52-9BD8-4D7B67877672}.Dev|Any CPU.Build.0 = Dev|Any CPU
		{2DC7A128-DCE1-4A52-9BD8-4D7B67877672}.Stage|Any CPU.ActiveCfg = Stage|Any CPU
		{2DC7A128-DCE1-4A52-9BD8-4D7B67877672}.Stage|Any CPU.Build.0 = Stage|Any CPU
		{C8EA705A-85E9-4C4E-AD64-ED82DCB0D54C}.Local|Any CPU.ActiveCfg = Local|Any CPU
		{C8EA705A-85E9-4C4E-AD64-ED82DCB0D54C}.Local|Any CPU.Build.0 = Local|Any CPU
		{C8EA705A-85E9-4C4E-AD64-ED82DCB0D54C}.Debug|Any CPU.ActiveCfg = Debug|Any CPU
		{C8EA705A-85E9-4C4E-AD64-ED82DCB0D54C}.Debug|Any CPU.Build.0 = Debug|Any CPU
		{C8EA705A-85E9-4C4E-AD64-ED82DCB0D54C}.Staging|Any CPU.ActiveCfg = Staging|Any CPU
		{C8EA705A-85E9-4C4E-AD64-ED82DCB0D54C}.Staging|Any CPU.Build.0 = Staging|Any CPU
		{C8EA705A-85E9-4C4E-AD64-ED82DCB0D54C}.Release|Any CPU.ActiveCfg = Release|Any CPU
		{C8EA705A-85E9-4C4E-AD64-ED82DCB0D54C}.Release|Any CPU.Build.0 = Release|Any CPU
		{C8EA705A-85E9-4C4E-AD64-ED82DCB0D54C}.Testing|Any CPU.ActiveCfg = Testing|Any CPU
		{C8EA705A-85E9-4C4E-AD64-ED82DCB0D54C}.Testing|Any CPU.Build.0 = Testing|Any CPU
		{C8EA705A-85E9-4C4E-AD64-ED82DCB0D54C}.Dev|Any CPU.ActiveCfg = Dev|Any CPU
		{C8EA705A-85E9-4C4E-AD64-ED82DCB0D54C}.Dev|Any CPU.Build.0 = Dev|Any CPU
		{C8EA705A-85E9-4C4E-AD64-ED82DCB0D54C}.Stage|Any CPU.ActiveCfg = Stage|Any CPU
		{C8EA705A-85E9-4C4E-AD64-ED82DCB0D54C}.Stage|Any CPU.Build.0 = Stage|Any CPU
		{D28BA776-61EF-4AE9-A0DB-92A354F96D9D}.Local|Any CPU.ActiveCfg = Local|Any CPU
		{D28BA776-61EF-4AE9-A0DB-92A354F96D9D}.Local|Any CPU.Build.0 = Local|Any CPU
		{D28BA776-61EF-4AE9-A0DB-92A354F96D9D}.Debug|Any CPU.ActiveCfg = Debug|Any CPU
		{D28BA776-61EF-4AE9-A0DB-92A354F96D9D}.Debug|Any CPU.Build.0 = Debug|Any CPU
		{D28BA776-61EF-4AE9-A0DB-92A354F96D9D}.Staging|Any CPU.ActiveCfg = Staging|Any CPU
		{D28BA776-61EF-4AE9-A0DB-92A354F96D9D}.Staging|Any CPU.Build.0 = Staging|Any CPU
		{D28BA776-61EF-4AE9-A0DB-92A354F96D9D}.Release|Any CPU.ActiveCfg = Release|Any CPU
		{D28BA776-61EF-4AE9-A0DB-92A354F96D9D}.Release|Any CPU.Build.0 = Release|Any CPU
		{D28BA776-61EF-4AE9-A0DB-92A354F96D9D}.Testing|Any CPU.ActiveCfg = Testing|Any CPU
		{D28BA776-61EF-4AE9-A0DB-92A354F96D9D}.Testing|Any CPU.Build.0 = Testing|Any CPU
		{D28BA776-61EF-4AE9-A0DB-92A354F96D9D}.Dev|Any CPU.ActiveCfg = Dev|Any CPU
		{D28BA776-61EF-4AE9-A0DB-92A354F96D9D}.Dev|Any CPU.Build.0 = Dev|Any CPU
		{D28BA776-61EF-4AE9-A0DB-92A354F96D9D}.Stage|Any CPU.ActiveCfg = Stage|Any CPU
		{D28BA776-61EF-4AE9-A0DB-92A354F96D9D}.Stage|Any CPU.Build.0 = Stage|Any CPU
		{8A72D2D6-2D59-42A3-9478-94615C5A3358}.Local|Any CPU.ActiveCfg = Local|Any CPU
		{8A72D2D6-2D59-42A3-9478-94615C5A3358}.Local|Any CPU.Build.0 = Local|Any CPU
		{8A72D2D6-2D59-42A3-9478-94615C5A3358}.Debug|Any CPU.ActiveCfg = Debug|Any CPU
		{8A72D2D6-2D59-42A3-9478-94615C5A3358}.Debug|Any CPU.Build.0 = Debug|Any CPU
		{8A72D2D6-2D59-42A3-9478-94615C5A3358}.Staging|Any CPU.ActiveCfg = Staging|Any CPU
		{8A72D2D6-2D59-42A3-9478-94615C5A3358}.Staging|Any CPU.Build.0 = Staging|Any CPU
		{8A72D2D6-2D59-42A3-9478-94615C5A3358}.Release|Any CPU.ActiveCfg = Release|Any CPU
		{8A72D2D6-2D59-42A3-9478-94615C5A3358}.Release|Any CPU.Build.0 = Release|Any CPU
		{8A72D2D6-2D59-42A3-9478-94615C5A3358}.Testing|Any CPU.ActiveCfg = Testing|Any CPU
		{8A72D2D6-2D59-42A3-9478-94615C5A3358}.Testing|Any CPU.Build.0 = Testing|Any CPU
		{8A72D2D6-2D59-42A3-9478-94615C5A3358}.Dev|Any CPU.ActiveCfg = Dev|Any CPU
		{8A72D2D6-2D59-42A3-9478-94615C5A3358}.Dev|Any CPU.Build.0 = Dev|Any CPU
		{8A72D2D6-2D59-42A3-9478-94615C5A3358}.Stage|Any CPU.ActiveCfg = Stage|Any CPU
		{8A72D2D6-2D59-42A3-9478-94615C5A3358}.Stage|Any CPU.Build.0 = Stage|Any CPU
		{A7741CAA-F8CB-4270-BC0B-01C6A18B6803}.Local|Any CPU.ActiveCfg = Local|Any CPU
		{A7741CAA-F8CB-4270-BC0B-01C6A18B6803}.Local|Any CPU.Build.0 = Local|Any CPU
		{A7741CAA-F8CB-4270-BC0B-01C6A18B6803}.Debug|Any CPU.ActiveCfg = Debug|Any CPU
		{A7741CAA-F8CB-4270-BC0B-01C6A18B6803}.Debug|Any CPU.Build.0 = Debug|Any CPU
		{A7741CAA-F8CB-4270-BC0B-01C6A18B6803}.Staging|Any CPU.ActiveCfg = Staging|Any CPU
		{A7741CAA-F8CB-4270-BC0B-01C6A18B6803}.Staging|Any CPU.Build.0 = Staging|Any CPU
		{A7741CAA-F8CB-4270-BC0B-01C6A18B6803}.Release|Any CPU.ActiveCfg = Release|Any CPU
		{A7741CAA-F8CB-4270-BC0B-01C6A18B6803}.Release|Any CPU.Build.0 = Release|Any CPU
		{A7741CAA-F8CB-4270-BC0B-01C6A18B6803}.Testing|Any CPU.ActiveCfg = Testing|Any CPU
		{A7741CAA-F8CB-4270-BC0B-01C6A18B6803}.Testing|Any CPU.Build.0 = Testing|Any CPU
		{A7741CAA-F8CB-4270-BC0B-01C6A18B6803}.Dev|Any CPU.ActiveCfg = Dev|Any CPU
		{A7741CAA-F8CB-4270-BC0B-01C6A18B6803}.Dev|Any CPU.Build.0 = Dev|Any CPU
		{A7741CAA-F8CB-4270-BC0B-01C6A18B6803}.Stage|Any CPU.ActiveCfg = Stage|Any CPU
		{A7741CAA-F8CB-4270-BC0B-01C6A18B6803}.Stage|Any CPU.Build.0 = Stage|Any CPU
		{8A46DB7C-89EF-4035-B044-EB355F2A63B9}.Local|Any CPU.ActiveCfg = Local|Any CPU
		{8A46DB7C-89EF-4035-B044-EB355F2A63B9}.Local|Any CPU.Build.0 = Local|Any CPU
		{8A46DB7C-89EF-4035-B044-EB355F2A63B9}.Debug|Any CPU.ActiveCfg = Debug|Any CPU
		{8A46DB7C-89EF-4035-B044-EB355F2A63B9}.Debug|Any CPU.Build.0 = Debug|Any CPU
		{8A46DB7C-89EF-4035-B044-EB355F2A63B9}.Staging|Any CPU.ActiveCfg = Staging|Any CPU
		{8A46DB7C-89EF-4035-B044-EB355F2A63B9}.Staging|Any CPU.Build.0 = Staging|Any CPU
		{8A46DB7C-89EF-4035-B044-EB355F2A63B9}.Release|Any CPU.ActiveCfg = Release|Any CPU
		{8A46DB7C-89EF-4035-B044-EB355F2A63B9}.Release|Any CPU.Build.0 = Release|Any CPU
		{8A46DB7C-89EF-4035-B044-EB355F2A63B9}.Testing|Any CPU.ActiveCfg = Testing|Any CPU
		{8A46DB7C-89EF-4035-B044-EB355F2A63B9}.Testing|Any CPU.Build.0 = Testing|Any CPU
		{8A46DB7C-89EF-4035-B044-EB355F2A63B9}.Dev|Any CPU.ActiveCfg = Dev|Any CPU
		{8A46DB7C-89EF-4035-B044-EB355F2A63B9}.Dev|Any CPU.Build.0 = Dev|Any CPU
		{8A46DB7C-89EF-4035-B044-EB355F2A63B9}.Stage|Any CPU.ActiveCfg = Stage|Any CPU
		{8A46DB7C-89EF-4035-B044-EB355F2A63B9}.Stage|Any CPU.Build.0 = Stage|Any CPU
		{346209FD-FDCA-447B-93FF-52EC0E6AC8A0}.Local|Any CPU.ActiveCfg = Local|Any CPU
		{346209FD-FDCA-447B-93FF-52EC0E6AC8A0}.Local|Any CPU.Build.0 = Local|Any CPU
		{346209FD-FDCA-447B-93FF-52EC0E6AC8A0}.Debug|Any CPU.ActiveCfg = Debug|Any CPU
		{346209FD-FDCA-447B-93FF-52EC0E6AC8A0}.Debug|Any CPU.Build.0 = Debug|Any CPU
		{346209FD-FDCA-447B-93FF-52EC0E6AC8A0}.Staging|Any CPU.ActiveCfg = Staging|Any CPU
		{346209FD-FDCA-447B-93FF-52EC0E6AC8A0}.Staging|Any CPU.Build.0 = Staging|Any CPU
		{346209FD-FDCA-447B-93FF-52EC0E6AC8A0}.Release|Any CPU.ActiveCfg = Release|Any CPU
		{346209FD-FDCA-447B-93FF-52EC0E6AC8A0}.Release|Any CPU.Build.0 = Release|Any CPU
		{346209FD-FDCA-447B-93FF-52EC0E6AC8A0}.Testing|Any CPU.ActiveCfg = Testing|Any CPU
		{346209FD-FDCA-447B-93FF-52EC0E6AC8A0}.Testing|Any CPU.Build.0 = Testing|Any CPU
		{346209FD-FDCA-447B-93FF-52EC0E6AC8A0}.Dev|Any CPU.ActiveCfg = Dev|Any CPU
		{346209FD-FDCA-447B-93FF-52EC0E6AC8A0}.Dev|Any CPU.Build.0 = Dev|Any CPU
		{346209FD-FDCA-447B-93FF-52EC0E6AC8A0}.Stage|Any CPU.ActiveCfg = Stage|Any CPU
		{346209FD-FDCA-447B-93FF-52EC0E6AC8A0}.Stage|Any CPU.Build.0 = Stage|Any CPU
	EndGlobalSection
	GlobalSection(SolutionProperties) = preSolution
		HideSolutionNode = FALSE
	EndGlobalSection
	GlobalSection(NestedProjects) = preSolution
		{D6AE86CD-1231-4C72-AE76-5DB1CDAC8AC1} = {7F1278A4-896D-49DC-B63A-E2FA5E20CB52}
		{ED92B12E-813E-4AFE-B27C-B6C469DB614E} = {2D70BCF4-6650-4D97-9AA0-A669D79FE317}
		{2A34DDF6-C086-4572-BBFF-C0BCD8482779} = {2D70BCF4-6650-4D97-9AA0-A669D79FE317}
		{1BDD2944-5AD0-4C94-8702-657CCBEE1307} = {2D70BCF4-6650-4D97-9AA0-A669D79FE317}
		{E410D38B-CDFE-4848-A3B7-30F2B43D4C15} = {2D70BCF4-6650-4D97-9AA0-A669D79FE317}
		{BAA03279-9256-420F-917C-8694F3DEFF1A} = {2D70BCF4-6650-4D97-9AA0-A669D79FE317}
		{41EC7E82-18F9-4DBB-9B02-A7A527836B6B} = {2D70BCF4-6650-4D97-9AA0-A669D79FE317}
		{A20D36C8-F703-445A-BA00-A9BC4D5D2165} = {2D70BCF4-6650-4D97-9AA0-A669D79FE317}
		{94940DB6-0D9F-4DCD-9A95-1A5647783E8B} = {2D70BCF4-6650-4D97-9AA0-A669D79FE317}
		{246196DD-6E88-42DF-8690-1C088DD4C16F} = {2D70BCF4-6650-4D97-9AA0-A669D79FE317}
		{F03EE4BE-16D1-4190-A2A3-30AC7F2783B9} = {2D70BCF4-6650-4D97-9AA0-A669D79FE317}
		{CDFC0EFA-864F-4A76-B592-16A211762B5B} = {2D70BCF4-6650-4D97-9AA0-A669D79FE317}
		{4FEF7D3D-13B7-4E6E-93AF-EC8BFCE63166} = {2D70BCF4-6650-4D97-9AA0-A669D79FE317}
		{E7C48C4D-82D5-448C-AD0E-22228A2A78D8} = {2D70BCF4-6650-4D97-9AA0-A669D79FE317}
		{FBDBE619-9BFB-4C18-9D18-A7C13F248009} = {2D70BCF4-6650-4D97-9AA0-A669D79FE317}
		{EFB68CCC-123E-4386-8BF1-D061DAEA4643} = {2D70BCF4-6650-4D97-9AA0-A669D79FE317}
		{7A461D67-F73F-46DB-B35A-C9DF9DCE1963} = {2D70BCF4-6650-4D97-9AA0-A669D79FE317}
		{B98D8BCA-E8F8-456B-9F4E-74C51C634D76} = {2D70BCF4-6650-4D97-9AA0-A669D79FE317}
		{129B4C64-2979-4B3E-9A73-8E54085D1FA4} = {2D70BCF4-6650-4D97-9AA0-A669D79FE317}
		{0714994E-D782-4A30-8F1E-9E3669706A07} = {2D70BCF4-6650-4D97-9AA0-A669D79FE317}
		{29F30CF2-2E75-4529-855F-CEBF0B7170B2} = {2D70BCF4-6650-4D97-9AA0-A669D79FE317}
		{FF914990-8370-46B3-B87A-0B8AC1852CB4} = {2D70BCF4-6650-4D97-9AA0-A669D79FE317}
		{E94C117C-0D20-4870-9506-706BC0CDC49E} = {2D70BCF4-6650-4D97-9AA0-A669D79FE317}
		{AEAAB16B-DD87-4BDF-AE1F-F3AA1B00C68C} = {2D70BCF4-6650-4D97-9AA0-A669D79FE317}
		{7031E704-9619-4A6A-B1DE-A69FFB51CB3E} = {2D70BCF4-6650-4D97-9AA0-A669D79FE317}
		{E7E30DC6-F2EF-4451-A8BA-83D3ABE11499} = {2D70BCF4-6650-4D97-9AA0-A669D79FE317}
		{FC342CB3-5C0F-412E-AB8D-14DD5E33EBC7} = {2D70BCF4-6650-4D97-9AA0-A669D79FE317}
		{E5140072-B77C-4EF4-9EB0-28F085F5B40F} = {2D70BCF4-6650-4D97-9AA0-A669D79FE317}
		{6FDA167E-D448-4561-AD82-31E15ACCFC65} = {2D70BCF4-6650-4D97-9AA0-A669D79FE317}
		{146D47FD-114A-45B7-AA26-6F56BC0123ED} = {2D70BCF4-6650-4D97-9AA0-A669D79FE317}
		{05D91778-0F4B-4FCF-A415-10EC405DB3F0} = {2D70BCF4-6650-4D97-9AA0-A669D79FE317}
		{7A8D948C-E5A7-4774-A5B8-C7D1A165C479} = {2D70BCF4-6650-4D97-9AA0-A669D79FE317}
		{C6EC852E-4D75-44C5-AF85-830852F33373} = {2D70BCF4-6650-4D97-9AA0-A669D79FE317}
		{BEA8FD15-4610-4143-B4C1-4A7D4791B349} = {2D70BCF4-6650-4D97-9AA0-A669D79FE317}
		{2DBF0C14-BF76-46CE-A40E-BC7D4A93A67A} = {2D70BCF4-6650-4D97-9AA0-A669D79FE317}
		{E2E10BC1-AA79-4DB1-B9C5-A568415C69B6} = {2D70BCF4-6650-4D97-9AA0-A669D79FE317}
		{EDA1B6F8-1BC6-4469-89B0-B468C0431F04} = {2D70BCF4-6650-4D97-9AA0-A669D79FE317}
		{B10C4B3A-202E-4910-8BFE-76D7B0EF5430} = {2D70BCF4-6650-4D97-9AA0-A669D79FE317}
		{7222FD7D-3FBD-4837-AD2E-FA72B7B4777F} = {2D70BCF4-6650-4D97-9AA0-A669D79FE317}
		{2DC7A128-DCE1-4A52-9BD8-4D7B67877672} = {2D70BCF4-6650-4D97-9AA0-A669D79FE317}
		{C8EA705A-85E9-4C4E-AD64-ED82DCB0D54C} = {2D70BCF4-6650-4D97-9AA0-A669D79FE317}
		{D28BA776-61EF-4AE9-A0DB-92A354F96D9D} = {2D70BCF4-6650-4D97-9AA0-A669D79FE317}
		{8A72D2D6-2D59-42A3-9478-94615C5A3358} = {2D70BCF4-6650-4D97-9AA0-A669D79FE317}
		{A7741CAA-F8CB-4270-BC0B-01C6A18B6803} = {2D70BCF4-6650-4D97-9AA0-A669D79FE317}
		{8A46DB7C-89EF-4035-B044-EB355F2A63B9} = {2D70BCF4-6650-4D97-9AA0-A669D79FE317}
		{346209FD-FDCA-447B-93FF-52EC0E6AC8A0} = {2D70BCF4-6650-4D97-9AA0-A669D79FE317}
	EndGlobalSection
	GlobalSection(ExtensibilityGlobals) = postSolution
		SolutionGuid = {F6AD77CD-6D51-4D48-ABC6-3F47F4783B32}
	EndGlobalSection
EndGlobal
