Microsoft Visual Studio Solution File, Format Version 12.00
Project("{34EAC930-E0CA-420B-BD8C-86042DD9E676}") = "Usings.Net7", "Usings.Net7.slnproj", "{2EBC637B-7A3F-405A-9FB4-9199D595D8B1}"
EndProject
Project("{2150E333-8FDC-42A3-9474-1A3956D46DE8}") = "usings", "usings", "{4348FAE2-82FE-4EAF-B74C-2ECA89B2B1D2}"
EndProject
Global
	GlobalSection(SolutionConfigurationPlatforms) = preSolution
		Local|Any CPU = Local|Any CPU
		Debug|Any CPU = Debug|Any CPU
		Staging|Any CPU = Staging|Any CPU
		Release|Any CPU = Release|Any CPU
		Testing|Any CPU = Testing|Any CPU
		Dev|Any CPU = Dev|Any CPU
		Stage|Any CPU = Stage|Any CPU
	EndGlobalSection
	GlobalSection(ProjectConfigurationPlatforms) = postSolution
		{2EBC637B-7A3F-405A-9FB4-9199D595D8B1}.Local|Any CPU.ActiveCfg = Local|Any CPU
		{2EBC637B-7A3F-405A-9FB4-9199D595D8B1}.Local|Any CPU.Build.0 = Local|Any CPU
		{2EBC637B-7A3F-405A-9FB4-9199D595D8B1}.Debug|Any CPU.ActiveCfg = Debug|Any CPU
		{2EBC637B-7A3F-405A-9FB4-9199D595D8B1}.Debug|Any CPU.Build.0 = Debug|Any CPU
		{2EBC637B-7A3F-405A-9FB4-9199D595D8B1}.Staging|Any CPU.ActiveCfg = Staging|Any CPU
		{2EBC637B-7A3F-405A-9FB4-9199D595D8B1}.Staging|Any CPU.Build.0 = Staging|Any CPU
		{2EBC637B-7A3F-405A-9FB4-9199D595D8B1}.Release|Any CPU.ActiveCfg = Release|Any CPU
		{2EBC637B-7A3F-405A-9FB4-9199D595D8B1}.Release|Any CPU.Build.0 = Release|Any CPU
		{2EBC637B-7A3F-405A-9FB4-9199D595D8B1}.Testing|Any CPU.ActiveCfg = Testing|Any CPU
		{2EBC637B-7A3F-405A-9FB4-9199D595D8B1}.Testing|Any CPU.Build.0 = Testing|Any CPU
		{2EBC637B-7A3F-405A-9FB4-9199D595D8B1}.Dev|Any CPU.ActiveCfg = Dev|Any CPU
		{2EBC637B-7A3F-405A-9FB4-9199D595D8B1}.Dev|Any CPU.Build.0 = Dev|Any CPU
		{2EBC637B-7A3F-405A-9FB4-9199D595D8B1}.Stage|Any CPU.ActiveCfg = Stage|Any CPU
		{2EBC637B-7A3F-405A-9FB4-9199D595D8B1}.Stage|Any CPU.Build.0 = Stage|Any CPU
	EndGlobalSection
	GlobalSection(SolutionProperties) = preSolution
		HideSolutionNode = FALSE
	EndGlobalSection
	GlobalSection(NestedProjects) = preSolution
		{2EBC637B-7A3F-405A-9FB4-9199D595D8B1} = {4348FAE2-82FE-4EAF-B74C-2ECA89B2B1D2}
	EndGlobalSection
	GlobalSection(ExtensibilityGlobals) = postSolution
		SolutionGuid = {961030A0-8747-483C-B41C-40309095E416}
	EndGlobalSection
EndGlobal
